// !$*UTF8*$!
{
	archiveVersion = 1;
	classes = {
	};
	objectVersion = 46;
	objects = {

/* Begin PBXBuildFile section */
		1D3623260D0F684500981E51 /* Interval_TrainingAppDelegate.m in Sources */ = {isa = PBXBuildFile; fileRef = 1D3623250D0F684500981E51 /* Interval_TrainingAppDelegate.m */; };
		1D60589B0D05DD56006BFB54 /* main.m in Sources */ = {isa = PBXBuildFile; fileRef = 29B97316FDCFA39411CA2CEA /* main.m */; };
		1D60589F0D05DD5A006BFB54 /* Foundation.framework in Frameworks */ = {isa = PBXBuildFile; fileRef = 1D30AB110D05D00D00671497 /* Foundation.framework */; };
		1DF5F4E00D08C38300B7A737 /* UIKit.framework in Frameworks */ = {isa = PBXBuildFile; fileRef = 1DF5F4DF0D08C38300B7A737 /* UIKit.framework */; };
		22206A651223715E0050D13F /* Note.m in Sources */ = {isa = PBXBuildFile; fileRef = 22206A641223715E0050D13F /* Note.m */; };
		22206A6A12237D1C0050D13F /* AudioToolbox.framework in Frameworks */ = {isa = PBXBuildFile; fileRef = 22206A6912237D1C0050D13F /* AudioToolbox.framework */; };
		2226F97C1223968E00670702 /* DJ.m in Sources */ = {isa = PBXBuildFile; fileRef = 2226F97B1223968E00670702 /* DJ.m */; };
		22AD9E8A1277B28A00060BE3 /* Scorekeeper.m in Sources */ = {isa = PBXBuildFile; fileRef = 22AD9E891277B28A00060BE3 /* Scorekeeper.m */; };
		280E754D0DD40C5E005A515E /* FlipsideView.xib in Resources */ = {isa = PBXBuildFile; fileRef = 280E754A0DD40C5E005A515E /* FlipsideView.xib */; };
		280E754E0DD40C5E005A515E /* MainView.xib in Resources */ = {isa = PBXBuildFile; fileRef = 280E754B0DD40C5E005A515E /* MainView.xib */; };
		280E754F0DD40C5E005A515E /* MainWindow.xib in Resources */ = {isa = PBXBuildFile; fileRef = 280E754C0DD40C5E005A515E /* MainWindow.xib */; };
		288765590DF743DE002DB57D /* CoreGraphics.framework in Frameworks */ = {isa = PBXBuildFile; fileRef = 288765580DF743DE002DB57D /* CoreGraphics.framework */; };
		289233AE0DB2D0DB0083E9F9 /* MainViewController.m in Sources */ = {isa = PBXBuildFile; fileRef = 289233A90DB2D0DB0083E9F9 /* MainViewController.m */; };
		289233B00DB2D0DB0083E9F9 /* FlipsideViewController.m in Sources */ = {isa = PBXBuildFile; fileRef = 289233AD0DB2D0DB0083E9F9 /* FlipsideViewController.m */; };
		7022AE691239B9AD009895B1 /* A#2W.aif in Resources */ = {isa = PBXBuildFile; fileRef = 7022AE451239B9AD009895B1 /* A#2W.aif */; };
		7022AE6A1239B9AD009895B1 /* A#3W.aif in Resources */ = {isa = PBXBuildFile; fileRef = 7022AE461239B9AD009895B1 /* A#3W.aif */; };
		7022AE6B1239B9AD009895B1 /* A#4W.aif in Resources */ = {isa = PBXBuildFile; fileRef = 7022AE471239B9AD009895B1 /* A#4W.aif */; };
		7022AE6C1239B9AD009895B1 /* A2W.aif in Resources */ = {isa = PBXBuildFile; fileRef = 7022AE481239B9AD009895B1 /* A2W.aif */; };
		7022AE6D1239B9AD009895B1 /* A3W.aif in Resources */ = {isa = PBXBuildFile; fileRef = 7022AE491239B9AD009895B1 /* A3W.aif */; };
		7022AE6E1239B9AD009895B1 /* A4W.aif in Resources */ = {isa = PBXBuildFile; fileRef = 7022AE4A1239B9AD009895B1 /* A4W.aif */; };
		7022AE6F1239B9AD009895B1 /* B2W.aif in Resources */ = {isa = PBXBuildFile; fileRef = 7022AE4B1239B9AD009895B1 /* B2W.aif */; };
		7022AE701239B9AD009895B1 /* B3W.aif in Resources */ = {isa = PBXBuildFile; fileRef = 7022AE4C1239B9AD009895B1 /* B3W.aif */; };
		7022AE711239B9AD009895B1 /* B4W.aif in Resources */ = {isa = PBXBuildFile; fileRef = 7022AE4D1239B9AD009895B1 /* B4W.aif */; };
		7022AE721239B9AD009895B1 /* C#2W.aif in Resources */ = {isa = PBXBuildFile; fileRef = 7022AE4E1239B9AD009895B1 /* C#2W.aif */; };
		7022AE731239B9AD009895B1 /* C#3W.aif in Resources */ = {isa = PBXBuildFile; fileRef = 7022AE4F1239B9AD009895B1 /* C#3W.aif */; };
		7022AE741239B9AD009895B1 /* C#4W.aif in Resources */ = {isa = PBXBuildFile; fileRef = 7022AE501239B9AD009895B1 /* C#4W.aif */; };
		7022AE751239B9AD009895B1 /* C2W.aif in Resources */ = {isa = PBXBuildFile; fileRef = 7022AE511239B9AD009895B1 /* C2W.aif */; };
		7022AE761239B9AD009895B1 /* C3W.aif in Resources */ = {isa = PBXBuildFile; fileRef = 7022AE521239B9AD009895B1 /* C3W.aif */; };
		7022AE771239B9AD009895B1 /* C4W.aif in Resources */ = {isa = PBXBuildFile; fileRef = 7022AE531239B9AD009895B1 /* C4W.aif */; };
		7022AE781239B9AD009895B1 /* D#2W.aif in Resources */ = {isa = PBXBuildFile; fileRef = 7022AE541239B9AD009895B1 /* D#2W.aif */; };
		7022AE791239B9AD009895B1 /* D#3W.aif in Resources */ = {isa = PBXBuildFile; fileRef = 7022AE551239B9AD009895B1 /* D#3W.aif */; };
		7022AE7A1239B9AD009895B1 /* D#4W.aif in Resources */ = {isa = PBXBuildFile; fileRef = 7022AE561239B9AD009895B1 /* D#4W.aif */; };
		7022AE7B1239B9AD009895B1 /* D2W.aif in Resources */ = {isa = PBXBuildFile; fileRef = 7022AE571239B9AD009895B1 /* D2W.aif */; };
		7022AE7C1239B9AD009895B1 /* D3W.aif in Resources */ = {isa = PBXBuildFile; fileRef = 7022AE581239B9AD009895B1 /* D3W.aif */; };
		7022AE7D1239B9AD009895B1 /* D4W.aif in Resources */ = {isa = PBXBuildFile; fileRef = 7022AE591239B9AD009895B1 /* D4W.aif */; };
		7022AE7E1239B9AD009895B1 /* E2W.aif in Resources */ = {isa = PBXBuildFile; fileRef = 7022AE5A1239B9AD009895B1 /* E2W.aif */; };
		7022AE7F1239B9AD009895B1 /* E3W.aif in Resources */ = {isa = PBXBuildFile; fileRef = 7022AE5B1239B9AD009895B1 /* E3W.aif */; };
		7022AE801239B9AD009895B1 /* E4W.aif in Resources */ = {isa = PBXBuildFile; fileRef = 7022AE5C1239B9AD009895B1 /* E4W.aif */; };
		7022AE811239B9AD009895B1 /* F#2W.aif in Resources */ = {isa = PBXBuildFile; fileRef = 7022AE5D1239B9AD009895B1 /* F#2W.aif */; };
		7022AE821239B9AD009895B1 /* F#3W.aif in Resources */ = {isa = PBXBuildFile; fileRef = 7022AE5E1239B9AD009895B1 /* F#3W.aif */; };
		7022AE831239B9AD009895B1 /* F#4W.aif in Resources */ = {isa = PBXBuildFile; fileRef = 7022AE5F1239B9AD009895B1 /* F#4W.aif */; };
		7022AE841239B9AD009895B1 /* F2W.aif in Resources */ = {isa = PBXBuildFile; fileRef = 7022AE601239B9AD009895B1 /* F2W.aif */; };
		7022AE851239B9AD009895B1 /* F3W.aif in Resources */ = {isa = PBXBuildFile; fileRef = 7022AE611239B9AD009895B1 /* F3W.aif */; };
		7022AE861239B9AD009895B1 /* F4W.aif in Resources */ = {isa = PBXBuildFile; fileRef = 7022AE621239B9AD009895B1 /* F4W.aif */; };
		7022AE871239B9AD009895B1 /* G#2W.aif in Resources */ = {isa = PBXBuildFile; fileRef = 7022AE631239B9AD009895B1 /* G#2W.aif */; };
		7022AE881239B9AD009895B1 /* G#3W.aif in Resources */ = {isa = PBXBuildFile; fileRef = 7022AE641239B9AD009895B1 /* G#3W.aif */; };
		7022AE891239B9AD009895B1 /* G#4W.aif in Resources */ = {isa = PBXBuildFile; fileRef = 7022AE651239B9AD009895B1 /* G#4W.aif */; };
		7022AE8A1239B9AD009895B1 /* G2W.aif in Resources */ = {isa = PBXBuildFile; fileRef = 7022AE661239B9AD009895B1 /* G2W.aif */; };
		7022AE8B1239B9AD009895B1 /* G3W.aif in Resources */ = {isa = PBXBuildFile; fileRef = 7022AE671239B9AD009895B1 /* G3W.aif */; };
		7022AE8C1239B9AD009895B1 /* G4W.aif in Resources */ = {isa = PBXBuildFile; fileRef = 7022AE681239B9AD009895B1 /* G4W.aif */; };
		70A9172C1288C937006FC622 /* 6 spoke settings black.png in Resources */ = {isa = PBXBuildFile; fileRef = 70A917161288C937006FC622 /* 6 spoke settings black.png */; };
		70A9172D1288C937006FC622 /* 6 spoke settings black@2x.png in Resources */ = {isa = PBXBuildFile; fileRef = 70A917171288C937006FC622 /* 6 spoke settings black@2x.png */; };
		70A9172E1288C937006FC622 /* 6 spoke settings white.png in Resources */ = {isa = PBXBuildFile; fileRef = 70A917181288C937006FC622 /* 6 spoke settings white.png */; };
		70A9172F1288C937006FC622 /* 6 spoke settings white@2x.png in Resources */ = {isa = PBXBuildFile; fileRef = 70A917191288C937006FC622 /* 6 spoke settings white@2x.png */; };
		70A917311288C937006FC622 /* Default.png in Resources */ = {isa = PBXBuildFile; fileRef = 70A9171B1288C937006FC622 /* Default.png */; };
		70A917321288C937006FC622 /* Icon-72.png in Resources */ = {isa = PBXBuildFile; fileRef = 70A9171C1288C937006FC622 /* Icon-72.png */; };
		70A917331288C937006FC622 /* Icon-Small-50.png in Resources */ = {isa = PBXBuildFile; fileRef = 70A9171D1288C937006FC622 /* Icon-Small-50.png */; };
		70A917341288C937006FC622 /* Icon-Small.png in Resources */ = {isa = PBXBuildFile; fileRef = 70A9171E1288C937006FC622 /* Icon-Small.png */; };
		70A917351288C937006FC622 /* Icon-Small@2x.png in Resources */ = {isa = PBXBuildFile; fileRef = 70A9171F1288C937006FC622 /* Icon-Small@2x.png */; };
		70A917361288C937006FC622 /* Icon.png in Resources */ = {isa = PBXBuildFile; fileRef = 70A917201288C937006FC622 /* Icon.png */; };
		70A917371288C937006FC622 /* Icon@2x.png in Resources */ = {isa = PBXBuildFile; fileRef = 70A917211288C937006FC622 /* Icon@2x.png */; };
		70A917391288C937006FC622 /* iTunesArtwork in Resources */ = {isa = PBXBuildFile; fileRef = 70A917231288C937006FC622 /* iTunesArtwork */; };
		70A9173A1288C937006FC622 /* Left Arrow.png in Resources */ = {isa = PBXBuildFile; fileRef = 70A917241288C937006FC622 /* Left Arrow.png */; };
		70A9173B1288C937006FC622 /* Left Arrow@2x.png in Resources */ = {isa = PBXBuildFile; fileRef = 70A917251288C937006FC622 /* Left Arrow@2x.png */; };
		70A9173C1288C937006FC622 /* OTG Intervals blue.png in Resources */ = {isa = PBXBuildFile; fileRef = 70A917261288C937006FC622 /* OTG Intervals blue.png */; };
		70A9173D1288C937006FC622 /* OTG Intervals red.png in Resources */ = {isa = PBXBuildFile; fileRef = 70A917271288C937006FC622 /* OTG Intervals red.png */; };
		70A9173E1288C937006FC622 /* Right Arrow.png in Resources */ = {isa = PBXBuildFile; fileRef = 70A917281288C937006FC622 /* Right Arrow.png */; };
		70A9173F1288C937006FC622 /* Right Arrow@2x.png in Resources */ = {isa = PBXBuildFile; fileRef = 70A917291288C937006FC622 /* Right Arrow@2x.png */; };
/* End PBXBuildFile section */

/* Begin PBXFileReference section */
		1D30AB110D05D00D00671497 /* Foundation.framework */ = {isa = PBXFileReference; lastKnownFileType = wrapper.framework; name = Foundation.framework; path = System/Library/Frameworks/Foundation.framework; sourceTree = SDKROOT; };
		1D3623240D0F684500981E51 /* Interval_TrainingAppDelegate.h */ = {isa = PBXFileReference; fileEncoding = 4; lastKnownFileType = sourcecode.c.h; path = Interval_TrainingAppDelegate.h; sourceTree = "<group>"; };
		1D3623250D0F684500981E51 /* Interval_TrainingAppDelegate.m */ = {isa = PBXFileReference; fileEncoding = 4; lastKnownFileType = sourcecode.c.objc; path = Interval_TrainingAppDelegate.m; sourceTree = "<group>"; };
		1D6058910D05DD3D006BFB54 /* Interval-Training.app */ = {isa = PBXFileReference; explicitFileType = wrapper.application; includeInIndex = 0; path = "Interval-Training.app"; sourceTree = BUILT_PRODUCTS_DIR; };
		1DF5F4DF0D08C38300B7A737 /* UIKit.framework */ = {isa = PBXFileReference; lastKnownFileType = wrapper.framework; name = UIKit.framework; path = System/Library/Frameworks/UIKit.framework; sourceTree = SDKROOT; };
		22206A631223715E0050D13F /* Note.h */ = {isa = PBXFileReference; fileEncoding = 4; lastKnownFileType = sourcecode.c.h; name = Note.h; path = Classes/Note.h; sourceTree = "<group>"; };
		22206A641223715E0050D13F /* Note.m */ = {isa = PBXFileReference; fileEncoding = 4; lastKnownFileType = sourcecode.c.objc; name = Note.m; path = Classes/Note.m; sourceTree = "<group>"; };
		22206A6912237D1C0050D13F /* AudioToolbox.framework */ = {isa = PBXFileReference; lastKnownFileType = wrapper.framework; name = AudioToolbox.framework; path = System/Library/Frameworks/AudioToolbox.framework; sourceTree = SDKROOT; };
		2226F97A1223968E00670702 /* DJ.h */ = {isa = PBXFileReference; fileEncoding = 4; lastKnownFileType = sourcecode.c.h; name = DJ.h; path = Classes/DJ.h; sourceTree = "<group>"; };
		2226F97B1223968E00670702 /* DJ.m */ = {isa = PBXFileReference; fileEncoding = 4; lastKnownFileType = sourcecode.c.objc; name = DJ.m; path = Classes/DJ.m; sourceTree = "<group>"; };
		22AD9E881277B28A00060BE3 /* Scorekeeper.h */ = {isa = PBXFileReference; fileEncoding = 4; lastKnownFileType = sourcecode.c.h; name = Scorekeeper.h; path = Classes/Scorekeeper.h; sourceTree = "<group>"; };
		22AD9E891277B28A00060BE3 /* Scorekeeper.m */ = {isa = PBXFileReference; fileEncoding = 4; lastKnownFileType = sourcecode.c.objc; name = Scorekeeper.m; path = Classes/Scorekeeper.m; sourceTree = "<group>"; };
		280E754A0DD40C5E005A515E /* FlipsideView.xib */ = {isa = PBXFileReference; lastKnownFileType = file.xib; path = FlipsideView.xib; sourceTree = "<group>"; };
		280E754B0DD40C5E005A515E /* MainView.xib */ = {isa = PBXFileReference; lastKnownFileType = file.xib; path = MainView.xib; sourceTree = "<group>"; };
		280E754C0DD40C5E005A515E /* MainWindow.xib */ = {isa = PBXFileReference; lastKnownFileType = file.xib; path = MainWindow.xib; sourceTree = "<group>"; };
		288765580DF743DE002DB57D /* CoreGraphics.framework */ = {isa = PBXFileReference; lastKnownFileType = wrapper.framework; name = CoreGraphics.framework; path = System/Library/Frameworks/CoreGraphics.framework; sourceTree = SDKROOT; };
		289233A80DB2D0DB0083E9F9 /* MainViewController.h */ = {isa = PBXFileReference; fileEncoding = 4; lastKnownFileType = sourcecode.c.h; name = MainViewController.h; path = Classes/MainViewController.h; sourceTree = "<group>"; };
		289233A90DB2D0DB0083E9F9 /* MainViewController.m */ = {isa = PBXFileReference; fileEncoding = 4; lastKnownFileType = sourcecode.c.objc; name = MainViewController.m; path = Classes/MainViewController.m; sourceTree = "<group>"; };
		289233AC0DB2D0DB0083E9F9 /* FlipsideViewController.h */ = {isa = PBXFileReference; fileEncoding = 4; lastKnownFileType = sourcecode.c.h; name = FlipsideViewController.h; path = Classes/FlipsideViewController.h; sourceTree = "<group>"; };
		289233AD0DB2D0DB0083E9F9 /* FlipsideViewController.m */ = {isa = PBXFileReference; fileEncoding = 4; lastKnownFileType = sourcecode.c.objc; name = FlipsideViewController.m; path = Classes/FlipsideViewController.m; sourceTree = "<group>"; };
		29B97316FDCFA39411CA2CEA /* main.m */ = {isa = PBXFileReference; fileEncoding = 4; lastKnownFileType = sourcecode.c.objc; path = main.m; sourceTree = "<group>"; };
		32CA4F630368D1EE00C91783 /* Interval_Training_Prefix.pch */ = {isa = PBXFileReference; fileEncoding = 4; lastKnownFileType = sourcecode.c.h; path = Interval_Training_Prefix.pch; sourceTree = "<group>"; };
		7022AE451239B9AD009895B1 /* A#2W.aif */ = {isa = PBXFileReference; lastKnownFileType = file; path = "A#2W.aif"; sourceTree = "<group>"; };
		7022AE461239B9AD009895B1 /* A#3W.aif */ = {isa = PBXFileReference; lastKnownFileType = file; path = "A#3W.aif"; sourceTree = "<group>"; };
		7022AE471239B9AD009895B1 /* A#4W.aif */ = {isa = PBXFileReference; lastKnownFileType = file; path = "A#4W.aif"; sourceTree = "<group>"; };
		7022AE481239B9AD009895B1 /* A2W.aif */ = {isa = PBXFileReference; lastKnownFileType = file; path = A2W.aif; sourceTree = "<group>"; };
		7022AE491239B9AD009895B1 /* A3W.aif */ = {isa = PBXFileReference; lastKnownFileType = file; path = A3W.aif; sourceTree = "<group>"; };
		7022AE4A1239B9AD009895B1 /* A4W.aif */ = {isa = PBXFileReference; lastKnownFileType = file; path = A4W.aif; sourceTree = "<group>"; };
		7022AE4B1239B9AD009895B1 /* B2W.aif */ = {isa = PBXFileReference; lastKnownFileType = file; path = B2W.aif; sourceTree = "<group>"; };
		7022AE4C1239B9AD009895B1 /* B3W.aif */ = {isa = PBXFileReference; lastKnownFileType = file; path = B3W.aif; sourceTree = "<group>"; };
		7022AE4D1239B9AD009895B1 /* B4W.aif */ = {isa = PBXFileReference; lastKnownFileType = file; path = B4W.aif; sourceTree = "<group>"; };
		7022AE4E1239B9AD009895B1 /* C#2W.aif */ = {isa = PBXFileReference; lastKnownFileType = file; path = "C#2W.aif"; sourceTree = "<group>"; };
		7022AE4F1239B9AD009895B1 /* C#3W.aif */ = {isa = PBXFileReference; lastKnownFileType = file; path = "C#3W.aif"; sourceTree = "<group>"; };
		7022AE501239B9AD009895B1 /* C#4W.aif */ = {isa = PBXFileReference; lastKnownFileType = file; path = "C#4W.aif"; sourceTree = "<group>"; };
		7022AE511239B9AD009895B1 /* C2W.aif */ = {isa = PBXFileReference; lastKnownFileType = file; path = C2W.aif; sourceTree = "<group>"; };
		7022AE521239B9AD009895B1 /* C3W.aif */ = {isa = PBXFileReference; lastKnownFileType = file; path = C3W.aif; sourceTree = "<group>"; };
		7022AE531239B9AD009895B1 /* C4W.aif */ = {isa = PBXFileReference; lastKnownFileType = file; path = C4W.aif; sourceTree = "<group>"; };
		7022AE541239B9AD009895B1 /* D#2W.aif */ = {isa = PBXFileReference; lastKnownFileType = file; path = "D#2W.aif"; sourceTree = "<group>"; };
		7022AE551239B9AD009895B1 /* D#3W.aif */ = {isa = PBXFileReference; lastKnownFileType = file; path = "D#3W.aif"; sourceTree = "<group>"; };
		7022AE561239B9AD009895B1 /* D#4W.aif */ = {isa = PBXFileReference; lastKnownFileType = file; path = "D#4W.aif"; sourceTree = "<group>"; };
		7022AE571239B9AD009895B1 /* D2W.aif */ = {isa = PBXFileReference; lastKnownFileType = file; path = D2W.aif; sourceTree = "<group>"; };
		7022AE581239B9AD009895B1 /* D3W.aif */ = {isa = PBXFileReference; lastKnownFileType = file; path = D3W.aif; sourceTree = "<group>"; };
		7022AE591239B9AD009895B1 /* D4W.aif */ = {isa = PBXFileReference; lastKnownFileType = file; path = D4W.aif; sourceTree = "<group>"; };
		7022AE5A1239B9AD009895B1 /* E2W.aif */ = {isa = PBXFileReference; lastKnownFileType = file; path = E2W.aif; sourceTree = "<group>"; };
		7022AE5B1239B9AD009895B1 /* E3W.aif */ = {isa = PBXFileReference; lastKnownFileType = file; path = E3W.aif; sourceTree = "<group>"; };
		7022AE5C1239B9AD009895B1 /* E4W.aif */ = {isa = PBXFileReference; lastKnownFileType = file; path = E4W.aif; sourceTree = "<group>"; };
		7022AE5D1239B9AD009895B1 /* F#2W.aif */ = {isa = PBXFileReference; lastKnownFileType = file; path = "F#2W.aif"; sourceTree = "<group>"; };
		7022AE5E1239B9AD009895B1 /* F#3W.aif */ = {isa = PBXFileReference; lastKnownFileType = file; path = "F#3W.aif"; sourceTree = "<group>"; };
		7022AE5F1239B9AD009895B1 /* F#4W.aif */ = {isa = PBXFileReference; lastKnownFileType = file; path = "F#4W.aif"; sourceTree = "<group>"; };
		7022AE601239B9AD009895B1 /* F2W.aif */ = {isa = PBXFileReference; lastKnownFileType = file; path = F2W.aif; sourceTree = "<group>"; };
		7022AE611239B9AD009895B1 /* F3W.aif */ = {isa = PBXFileReference; lastKnownFileType = file; path = F3W.aif; sourceTree = "<group>"; };
		7022AE621239B9AD009895B1 /* F4W.aif */ = {isa = PBXFileReference; lastKnownFileType = file; path = F4W.aif; sourceTree = "<group>"; };
		7022AE631239B9AD009895B1 /* G#2W.aif */ = {isa = PBXFileReference; lastKnownFileType = file; path = "G#2W.aif"; sourceTree = "<group>"; };
		7022AE641239B9AD009895B1 /* G#3W.aif */ = {isa = PBXFileReference; lastKnownFileType = file; path = "G#3W.aif"; sourceTree = "<group>"; };
		7022AE651239B9AD009895B1 /* G#4W.aif */ = {isa = PBXFileReference; lastKnownFileType = file; path = "G#4W.aif"; sourceTree = "<group>"; };
		7022AE661239B9AD009895B1 /* G2W.aif */ = {isa = PBXFileReference; lastKnownFileType = file; path = G2W.aif; sourceTree = "<group>"; };
		7022AE671239B9AD009895B1 /* G3W.aif */ = {isa = PBXFileReference; lastKnownFileType = file; path = G3W.aif; sourceTree = "<group>"; };
		7022AE681239B9AD009895B1 /* G4W.aif */ = {isa = PBXFileReference; lastKnownFileType = file; path = G4W.aif; sourceTree = "<group>"; };
		706D417312836FAE00BE6A45 /* Entitlements.plist */ = {isa = PBXFileReference; fileEncoding = 4; lastKnownFileType = text.plist.xml; path = Entitlements.plist; sourceTree = "<group>"; };
		70A917161288C937006FC622 /* 6 spoke settings black.png */ = {isa = PBXFileReference; lastKnownFileType = image.png; path = "6 spoke settings black.png"; sourceTree = "<group>"; };
		70A917171288C937006FC622 /* 6 spoke settings black@2x.png */ = {isa = PBXFileReference; lastKnownFileType = image.png; path = "6 spoke settings black@2x.png"; sourceTree = "<group>"; };
		70A917181288C937006FC622 /* 6 spoke settings white.png */ = {isa = PBXFileReference; lastKnownFileType = image.png; path = "6 spoke settings white.png"; sourceTree = "<group>"; };
		70A917191288C937006FC622 /* 6 spoke settings white@2x.png */ = {isa = PBXFileReference; lastKnownFileType = image.png; path = "6 spoke settings white@2x.png"; sourceTree = "<group>"; };
		70A9171B1288C937006FC622 /* Default.png */ = {isa = PBXFileReference; lastKnownFileType = image.png; path = Default.png; sourceTree = "<group>"; };
		70A9171C1288C937006FC622 /* Icon-72.png */ = {isa = PBXFileReference; lastKnownFileType = image.png; path = "Icon-72.png"; sourceTree = "<group>"; };
		70A9171D1288C937006FC622 /* Icon-Small-50.png */ = {isa = PBXFileReference; lastKnownFileType = image.png; path = "Icon-Small-50.png"; sourceTree = "<group>"; };
		70A9171E1288C937006FC622 /* Icon-Small.png */ = {isa = PBXFileReference; lastKnownFileType = image.png; path = "Icon-Small.png"; sourceTree = "<group>"; };
		70A9171F1288C937006FC622 /* Icon-Small@2x.png */ = {isa = PBXFileReference; lastKnownFileType = image.png; path = "Icon-Small@2x.png"; sourceTree = "<group>"; };
		70A917201288C937006FC622 /* Icon.png */ = {isa = PBXFileReference; lastKnownFileType = image.png; path = Icon.png; sourceTree = "<group>"; };
		70A917211288C937006FC622 /* Icon@2x.png */ = {isa = PBXFileReference; lastKnownFileType = image.png; path = "Icon@2x.png"; sourceTree = "<group>"; };
		70A917231288C937006FC622 /* iTunesArtwork */ = {isa = PBXFileReference; lastKnownFileType = file; path = iTunesArtwork; sourceTree = "<group>"; };
		70A917241288C937006FC622 /* Left Arrow.png */ = {isa = PBXFileReference; lastKnownFileType = image.png; path = "Left Arrow.png"; sourceTree = "<group>"; };
		70A917251288C937006FC622 /* Left Arrow@2x.png */ = {isa = PBXFileReference; lastKnownFileType = image.png; path = "Left Arrow@2x.png"; sourceTree = "<group>"; };
		70A917261288C937006FC622 /* OTG Intervals blue.png */ = {isa = PBXFileReference; lastKnownFileType = image.png; path = "OTG Intervals blue.png"; sourceTree = "<group>"; };
		70A917271288C937006FC622 /* OTG Intervals red.png */ = {isa = PBXFileReference; lastKnownFileType = image.png; path = "OTG Intervals red.png"; sourceTree = "<group>"; };
		70A917281288C937006FC622 /* Right Arrow.png */ = {isa = PBXFileReference; lastKnownFileType = image.png; path = "Right Arrow.png"; sourceTree = "<group>"; };
		70A917291288C937006FC622 /* Right Arrow@2x.png */ = {isa = PBXFileReference; lastKnownFileType = image.png; path = "Right Arrow@2x.png"; sourceTree = "<group>"; };
		8D1107310486CEB800E47090 /* Interval_Training-Info.plist */ = {isa = PBXFileReference; fileEncoding = 4; lastKnownFileType = text.plist.xml; path = "Interval_Training-Info.plist"; plistStructureDefinitionIdentifier = "com.apple.xcode.plist.structure-definition.iphone.info-plist"; sourceTree = "<group>"; };
/* End PBXFileReference section */

/* Begin PBXFrameworksBuildPhase section */
		1D60588F0D05DD3D006BFB54 /* Frameworks */ = {
			isa = PBXFrameworksBuildPhase;
			buildActionMask = 2147483647;
			files = (
				1D60589F0D05DD5A006BFB54 /* Foundation.framework in Frameworks */,
				1DF5F4E00D08C38300B7A737 /* UIKit.framework in Frameworks */,
				288765590DF743DE002DB57D /* CoreGraphics.framework in Frameworks */,
				22206A6A12237D1C0050D13F /* AudioToolbox.framework in Frameworks */,
			);
			runOnlyForDeploymentPostprocessing = 0;
		};
/* End PBXFrameworksBuildPhase section */

/* Begin PBXGroup section */
		080E96DDFE201D6D7F000001 /* Application Delegate */ = {
			isa = PBXGroup;
			children = (
				1D3623240D0F684500981E51 /* Interval_TrainingAppDelegate.h */,
				1D3623250D0F684500981E51 /* Interval_TrainingAppDelegate.m */,
			);
			name = "Application Delegate";
			path = Classes;
			sourceTree = "<group>";
		};
		19C28FACFE9D520D11CA2CBB /* Products */ = {
			isa = PBXGroup;
			children = (
				1D6058910D05DD3D006BFB54 /* Interval-Training.app */,
			);
			name = Products;
			sourceTree = "<group>";
		};
		281C6CD70DB2D82200F60ACC /* View Controllers */ = {
			isa = PBXGroup;
			children = (
				289233A80DB2D0DB0083E9F9 /* MainViewController.h */,
				289233A90DB2D0DB0083E9F9 /* MainViewController.m */,
				289233AC0DB2D0DB0083E9F9 /* FlipsideViewController.h */,
				289233AD0DB2D0DB0083E9F9 /* FlipsideViewController.m */,
			);
			name = "View Controllers";
			sourceTree = "<group>";
		};
		289233A00DB2D0730083E9F9 /* Custom Classes */ = {
			isa = PBXGroup;
			children = (
				22AD9E881277B28A00060BE3 /* Scorekeeper.h */,
				22AD9E891277B28A00060BE3 /* Scorekeeper.m */,
				2226F97A1223968E00670702 /* DJ.h */,
				2226F97B1223968E00670702 /* DJ.m */,
				22206A631223715E0050D13F /* Note.h */,
				22206A641223715E0050D13F /* Note.m */,
			);
			name = "Custom Classes";
			sourceTree = "<group>";
		};
		29B97314FDCFA39411CA2CEA /* CustomTemplate */ = {
			isa = PBXGroup;
			children = (
				289233A00DB2D0730083E9F9 /* Custom Classes */,
				281C6CD70DB2D82200F60ACC /* View Controllers */,
				080E96DDFE201D6D7F000001 /* Application Delegate */,
				29B97315FDCFA39411CA2CEA /* Other Sources */,
				29B97317FDCFA39411CA2CEA /* Resources */,
				29B97323FDCFA39411CA2CEA /* Frameworks */,
				19C28FACFE9D520D11CA2CBB /* Products */,
				22206A6912237D1C0050D13F /* AudioToolbox.framework */,
				706D417312836FAE00BE6A45 /* Entitlements.plist */,
			);
			name = CustomTemplate;
			sourceTree = "<group>";
		};
		29B97315FDCFA39411CA2CEA /* Other Sources */ = {
			isa = PBXGroup;
			children = (
				32CA4F630368D1EE00C91783 /* Interval_Training_Prefix.pch */,
				29B97316FDCFA39411CA2CEA /* main.m */,
			);
			name = "Other Sources";
			sourceTree = "<group>";
		};
		29B97317FDCFA39411CA2CEA /* Resources */ = {
			isa = PBXGroup;
			children = (
				70A917131288C937006FC622 /* images */,
				7022AE441239B9AD009895B1 /* sounds */,
				280E754A0DD40C5E005A515E /* FlipsideView.xib */,
				280E754B0DD40C5E005A515E /* MainView.xib */,
				280E754C0DD40C5E005A515E /* MainWindow.xib */,
				8D1107310486CEB800E47090 /* Interval_Training-Info.plist */,
			);
			name = Resources;
			sourceTree = "<group>";
		};
		29B97323FDCFA39411CA2CEA /* Frameworks */ = {
			isa = PBXGroup;
			children = (
				1DF5F4DF0D08C38300B7A737 /* UIKit.framework */,
				1D30AB110D05D00D00671497 /* Foundation.framework */,
				288765580DF743DE002DB57D /* CoreGraphics.framework */,
			);
			name = Frameworks;
			sourceTree = "<group>";
		};
		7022AE441239B9AD009895B1 /* sounds */ = {
			isa = PBXGroup;
			children = (
				7022AE451239B9AD009895B1 /* A#2W.aif */,
				7022AE461239B9AD009895B1 /* A#3W.aif */,
				7022AE471239B9AD009895B1 /* A#4W.aif */,
				7022AE481239B9AD009895B1 /* A2W.aif */,
				7022AE491239B9AD009895B1 /* A3W.aif */,
				7022AE4A1239B9AD009895B1 /* A4W.aif */,
				7022AE4B1239B9AD009895B1 /* B2W.aif */,
				7022AE4C1239B9AD009895B1 /* B3W.aif */,
				7022AE4D1239B9AD009895B1 /* B4W.aif */,
				7022AE4E1239B9AD009895B1 /* C#2W.aif */,
				7022AE4F1239B9AD009895B1 /* C#3W.aif */,
				7022AE501239B9AD009895B1 /* C#4W.aif */,
				7022AE511239B9AD009895B1 /* C2W.aif */,
				7022AE521239B9AD009895B1 /* C3W.aif */,
				7022AE531239B9AD009895B1 /* C4W.aif */,
				7022AE541239B9AD009895B1 /* D#2W.aif */,
				7022AE551239B9AD009895B1 /* D#3W.aif */,
				7022AE561239B9AD009895B1 /* D#4W.aif */,
				7022AE571239B9AD009895B1 /* D2W.aif */,
				7022AE581239B9AD009895B1 /* D3W.aif */,
				7022AE591239B9AD009895B1 /* D4W.aif */,
				7022AE5A1239B9AD009895B1 /* E2W.aif */,
				7022AE5B1239B9AD009895B1 /* E3W.aif */,
				7022AE5C1239B9AD009895B1 /* E4W.aif */,
				7022AE5D1239B9AD009895B1 /* F#2W.aif */,
				7022AE5E1239B9AD009895B1 /* F#3W.aif */,
				7022AE5F1239B9AD009895B1 /* F#4W.aif */,
				7022AE601239B9AD009895B1 /* F2W.aif */,
				7022AE611239B9AD009895B1 /* F3W.aif */,
				7022AE621239B9AD009895B1 /* F4W.aif */,
				7022AE631239B9AD009895B1 /* G#2W.aif */,
				7022AE641239B9AD009895B1 /* G#3W.aif */,
				7022AE651239B9AD009895B1 /* G#4W.aif */,
				7022AE661239B9AD009895B1 /* G2W.aif */,
				7022AE671239B9AD009895B1 /* G3W.aif */,
				7022AE681239B9AD009895B1 /* G4W.aif */,
			);
			path = sounds;
			sourceTree = "<group>";
		};
		70A917131288C937006FC622 /* images */ = {
			isa = PBXGroup;
			children = (
				70A917161288C937006FC622 /* 6 spoke settings black.png */,
				70A917171288C937006FC622 /* 6 spoke settings black@2x.png */,
				70A917181288C937006FC622 /* 6 spoke settings white.png */,
				70A917191288C937006FC622 /* 6 spoke settings white@2x.png */,
				70A9171B1288C937006FC622 /* Default.png */,
				70A9171C1288C937006FC622 /* Icon-72.png */,
				70A9171D1288C937006FC622 /* Icon-Small-50.png */,
				70A9171E1288C937006FC622 /* Icon-Small.png */,
				70A9171F1288C937006FC622 /* Icon-Small@2x.png */,
				70A917201288C937006FC622 /* Icon.png */,
				70A917211288C937006FC622 /* Icon@2x.png */,
				70A917231288C937006FC622 /* iTunesArtwork */,
				70A917241288C937006FC622 /* Left Arrow.png */,
				70A917251288C937006FC622 /* Left Arrow@2x.png */,
				70A917261288C937006FC622 /* OTG Intervals blue.png */,
				70A917271288C937006FC622 /* OTG Intervals red.png */,
				70A917281288C937006FC622 /* Right Arrow.png */,
				70A917291288C937006FC622 /* Right Arrow@2x.png */,
			);
			path = images;
			sourceTree = "<group>";
		};
/* End PBXGroup section */

/* Begin PBXNativeTarget section */
		1D6058900D05DD3D006BFB54 /* Interval-Training */ = {
			isa = PBXNativeTarget;
			buildConfigurationList = 1D6058960D05DD3E006BFB54 /* Build configuration list for PBXNativeTarget "Interval-Training" */;
			buildPhases = (
				1D60588D0D05DD3D006BFB54 /* Resources */,
				1D60588E0D05DD3D006BFB54 /* Sources */,
				1D60588F0D05DD3D006BFB54 /* Frameworks */,
			);
			buildRules = (
			);
			dependencies = (
			);
			name = "Interval-Training";
			productName = "Interval-Training";
			productReference = 1D6058910D05DD3D006BFB54 /* Interval-Training.app */;
			productType = "com.apple.product-type.application";
		};
/* End PBXNativeTarget section */

/* Begin PBXProject section */
		29B97313FDCFA39411CA2CEA /* Project object */ = {
			isa = PBXProject;
			attributes = {
				ORGANIZATIONNAME = CalamitySoft;
			};
			buildConfigurationList = C01FCF4E08A954540054247B /* Build configuration list for PBXProject "Interval-Training" */;
			compatibilityVersion = "Xcode 3.2";
			developmentRegion = English;
			hasScannedForEncodings = 1;
			knownRegions = (
				English,
				Japanese,
				French,
				German,
				en,
			);
			mainGroup = 29B97314FDCFA39411CA2CEA /* CustomTemplate */;
			projectDirPath = "";
			projectRoot = "";
			targets = (
				1D6058900D05DD3D006BFB54 /* Interval-Training */,
			);
		};
/* End PBXProject section */

/* Begin PBXResourcesBuildPhase section */
		1D60588D0D05DD3D006BFB54 /* Resources */ = {
			isa = PBXResourcesBuildPhase;
			buildActionMask = 2147483647;
			files = (
				280E754D0DD40C5E005A515E /* FlipsideView.xib in Resources */,
				280E754E0DD40C5E005A515E /* MainView.xib in Resources */,
				280E754F0DD40C5E005A515E /* MainWindow.xib in Resources */,
				7022AE691239B9AD009895B1 /* A#2W.aif in Resources */,
				7022AE6A1239B9AD009895B1 /* A#3W.aif in Resources */,
				7022AE6B1239B9AD009895B1 /* A#4W.aif in Resources */,
				7022AE6C1239B9AD009895B1 /* A2W.aif in Resources */,
				7022AE6D1239B9AD009895B1 /* A3W.aif in Resources */,
				7022AE6E1239B9AD009895B1 /* A4W.aif in Resources */,
				7022AE6F1239B9AD009895B1 /* B2W.aif in Resources */,
				7022AE701239B9AD009895B1 /* B3W.aif in Resources */,
				7022AE711239B9AD009895B1 /* B4W.aif in Resources */,
				7022AE721239B9AD009895B1 /* C#2W.aif in Resources */,
				7022AE731239B9AD009895B1 /* C#3W.aif in Resources */,
				7022AE741239B9AD009895B1 /* C#4W.aif in Resources */,
				7022AE751239B9AD009895B1 /* C2W.aif in Resources */,
				7022AE761239B9AD009895B1 /* C3W.aif in Resources */,
				7022AE771239B9AD009895B1 /* C4W.aif in Resources */,
				7022AE781239B9AD009895B1 /* D#2W.aif in Resources */,
				7022AE791239B9AD009895B1 /* D#3W.aif in Resources */,
				7022AE7A1239B9AD009895B1 /* D#4W.aif in Resources */,
				7022AE7B1239B9AD009895B1 /* D2W.aif in Resources */,
				7022AE7C1239B9AD009895B1 /* D3W.aif in Resources */,
				7022AE7D1239B9AD009895B1 /* D4W.aif in Resources */,
				7022AE7E1239B9AD009895B1 /* E2W.aif in Resources */,
				7022AE7F1239B9AD009895B1 /* E3W.aif in Resources */,
				7022AE801239B9AD009895B1 /* E4W.aif in Resources */,
				7022AE811239B9AD009895B1 /* F#2W.aif in Resources */,
				7022AE821239B9AD009895B1 /* F#3W.aif in Resources */,
				7022AE831239B9AD009895B1 /* F#4W.aif in Resources */,
				7022AE841239B9AD009895B1 /* F2W.aif in Resources */,
				7022AE851239B9AD009895B1 /* F3W.aif in Resources */,
				7022AE861239B9AD009895B1 /* F4W.aif in Resources */,
				7022AE871239B9AD009895B1 /* G#2W.aif in Resources */,
				7022AE881239B9AD009895B1 /* G#3W.aif in Resources */,
				7022AE891239B9AD009895B1 /* G#4W.aif in Resources */,
				7022AE8A1239B9AD009895B1 /* G2W.aif in Resources */,
				7022AE8B1239B9AD009895B1 /* G3W.aif in Resources */,
				7022AE8C1239B9AD009895B1 /* G4W.aif in Resources */,
				70A9172C1288C937006FC622 /* 6 spoke settings black.png in Resources */,
				70A9172D1288C937006FC622 /* 6 spoke settings black@2x.png in Resources */,
				70A9172E1288C937006FC622 /* 6 spoke settings white.png in Resources */,
				70A9172F1288C937006FC622 /* 6 spoke settings white@2x.png in Resources */,
				70A917311288C937006FC622 /* Default.png in Resources */,
				70A917321288C937006FC622 /* Icon-72.png in Resources */,
				70A917331288C937006FC622 /* Icon-Small-50.png in Resources */,
				70A917341288C937006FC622 /* Icon-Small.png in Resources */,
				70A917351288C937006FC622 /* Icon-Small@2x.png in Resources */,
				70A917361288C937006FC622 /* Icon.png in Resources */,
				70A917371288C937006FC622 /* Icon@2x.png in Resources */,
				70A917391288C937006FC622 /* iTunesArtwork in Resources */,
				70A9173A1288C937006FC622 /* Left Arrow.png in Resources */,
				70A9173B1288C937006FC622 /* Left Arrow@2x.png in Resources */,
				70A9173C1288C937006FC622 /* OTG Intervals blue.png in Resources */,
				70A9173D1288C937006FC622 /* OTG Intervals red.png in Resources */,
				70A9173E1288C937006FC622 /* Right Arrow.png in Resources */,
				70A9173F1288C937006FC622 /* Right Arrow@2x.png in Resources */,
			);
			runOnlyForDeploymentPostprocessing = 0;
		};
/* End PBXResourcesBuildPhase section */

/* Begin PBXSourcesBuildPhase section */
		1D60588E0D05DD3D006BFB54 /* Sources */ = {
			isa = PBXSourcesBuildPhase;
			buildActionMask = 2147483647;
			files = (
				1D60589B0D05DD56006BFB54 /* main.m in Sources */,
				1D3623260D0F684500981E51 /* Interval_TrainingAppDelegate.m in Sources */,
				289233AE0DB2D0DB0083E9F9 /* MainViewController.m in Sources */,
				289233B00DB2D0DB0083E9F9 /* FlipsideViewController.m in Sources */,
				22206A651223715E0050D13F /* Note.m in Sources */,
				2226F97C1223968E00670702 /* DJ.m in Sources */,
				22AD9E8A1277B28A00060BE3 /* Scorekeeper.m in Sources */,
			);
			runOnlyForDeploymentPostprocessing = 0;
		};
/* End PBXSourcesBuildPhase section */

/* Begin XCBuildConfiguration section */
		1D6058940D05DD3E006BFB54 /* Debug */ = {
			isa = XCBuildConfiguration;
			buildSettings = {
				ALWAYS_SEARCH_USER_PATHS = NO;
				"CODE_SIGN_IDENTITY[sdk=iphoneos*]" = "iPhone Developer: Logan Moseley (BW5L72G88N)";
				COPY_PHASE_STRIP = NO;
				GCC_DYNAMIC_NO_PIC = NO;
				GCC_OPTIMIZATION_LEVEL = 0;
				GCC_PRECOMPILE_PREFIX_HEADER = YES;
				GCC_PREFIX_HEADER = Interval_Training_Prefix.pch;
				INFOPLIST_FILE = "Interval_Training-Info.plist";
				PRODUCT_NAME = "Interval-Training";
				"PROVISIONING_PROFILE[sdk=iphoneos*]" = "002902C7-5996-4E85-8973-2F5899D4F991";
				VALIDATE_PRODUCT = NO;
			};
			name = Debug;
		};
		1D6058950D05DD3E006BFB54 /* Release */ = {
			isa = XCBuildConfiguration;
			buildSettings = {
				ALWAYS_SEARCH_USER_PATHS = NO;
				ARCHS = "$(ARCHS_STANDARD_32_BIT)";
				"CODE_SIGN_IDENTITY[sdk=iphoneos*]" = "iPhone Developer: Logan Moseley (BW5L72G88N)";
				COPY_PHASE_STRIP = YES;
				GCC_PRECOMPILE_PREFIX_HEADER = YES;
				GCC_PREFIX_HEADER = Interval_Training_Prefix.pch;
				INFOPLIST_FILE = "Interval_Training-Info.plist";
				PRODUCT_NAME = "Interval-Training";
				"PROVISIONING_PROFILE[sdk=iphoneos*]" = "002902C7-5996-4E85-8973-2F5899D4F991";
				VALIDATE_PRODUCT = NO;
			};
			name = Release;
		};
		709ADD741288D93000AADA5A /* Ad Hoc Distribution */ = {
			isa = XCBuildConfiguration;
			buildSettings = {
				ARCHS = "$(ARCHS_STANDARD_32_BIT)";
				"CODE_SIGN_IDENTITY[sdk=iphoneos*]" = "Don't Code Sign";
				GCC_C_LANGUAGE_STANDARD = c99;
				GCC_WARN_ABOUT_RETURN_TYPE = YES;
				GCC_WARN_UNUSED_VARIABLE = YES;
				IPHONEOS_DEPLOYMENT_TARGET = 3.1.3;
				OTHER_CFLAGS = "-DNS_BLOCK_ASSERTIONS=1";
				PREBINDING = NO;
				"PROVISIONING_PROFILE[sdk=iphoneos*]" = "";
				SDKROOT = iphoneos4.1;
			};
			name = "Ad Hoc Distribution";
		};
		709ADD751288D93000AADA5A /* Ad Hoc Distribution */ = {
			isa = XCBuildConfiguration;
			buildSettings = {
				ALWAYS_SEARCH_USER_PATHS = NO;
				ARCHS = "$(ARCHS_STANDARD_32_BIT)";
				CODE_SIGN_ENTITLEMENTS = Entitlements.plist;
				"CODE_SIGN_IDENTITY[sdk=iphoneos*]" = "iPhone Distribution: CalamitySoft";
				COPY_PHASE_STRIP = YES;
				GCC_PRECOMPILE_PREFIX_HEADER = YES;
				GCC_PREFIX_HEADER = Interval_Training_Prefix.pch;
				INFOPLIST_FILE = "Interval_Training-Info.plist";
				PRODUCT_NAME = "Interval-Training";
				"PROVISIONING_PROFILE[sdk=iphoneos*]" = "DDA13417-981C-4ACB-BD4A-826D1B9D40BB";
				VALIDATE_PRODUCT = NO;
			};
			name = "Ad Hoc Distribution";
		};
		709ADD761288D93A00AADA5A /* App Store Distribution */ = {
			isa = XCBuildConfiguration;
			buildSettings = {
				ARCHS = "$(ARCHS_STANDARD_32_BIT)";
				"CODE_SIGN_IDENTITY[sdk=iphoneos*]" = "Don't Code Sign";
				GCC_C_LANGUAGE_STANDARD = c99;
				GCC_WARN_ABOUT_RETURN_TYPE = YES;
				GCC_WARN_UNUSED_VARIABLE = YES;
				IPHONEOS_DEPLOYMENT_TARGET = 3.1.3;
				OTHER_CFLAGS = "-DNS_BLOCK_ASSERTIONS=1";
				PREBINDING = NO;
				"PROVISIONING_PROFILE[sdk=iphoneos*]" = "";
				SDKROOT = iphoneos4.1;
			};
			name = "App Store Distribution";
		};
		709ADD771288D93A00AADA5A /* App Store Distribution */ = {
			isa = XCBuildConfiguration;
			buildSettings = {
				ALWAYS_SEARCH_USER_PATHS = NO;
				ARCHS = "$(ARCHS_STANDARD_32_BIT)";
				CODE_SIGN_ENTITLEMENTS = Entitlements.plist;
				"CODE_SIGN_IDENTITY[sdk=iphoneos*]" = "iPhone Distribution: CalamitySoft";
				COPY_PHASE_STRIP = YES;
				GCC_PRECOMPILE_PREFIX_HEADER = YES;
				GCC_PREFIX_HEADER = Interval_Training_Prefix.pch;
				INFOPLIST_FILE = "Interval_Training-Info.plist";
				PRODUCT_NAME = "Interval-Training";
				"PROVISIONING_PROFILE[sdk=iphoneos*]" = "C91A3300-CF2B-42DA-BE5D-D5E2352E83BA";
				VALIDATE_PRODUCT = NO;
			};
			name = "App Store Distribution";
		};
		C01FCF4F08A954540054247B /* Debug */ = {
			isa = XCBuildConfiguration;
			buildSettings = {
				ARCHS = "$(ARCHS_STANDARD_32_BIT)";
				"CODE_SIGN_IDENTITY[sdk=iphoneos*]" = "Don't Code Sign";
				GCC_C_LANGUAGE_STANDARD = c99;
				GCC_PREPROCESSOR_DEFINITIONS = DEBUG;
				GCC_WARN_ABOUT_RETURN_TYPE = YES;
				GCC_WARN_UNUSED_VARIABLE = YES;
				IPHONEOS_DEPLOYMENT_TARGET = 3.1.3;
				PREBINDING = NO;
				"PROVISIONING_PROFILE[sdk=iphoneos*]" = "";
				SDKROOT = iphoneos4.1;
			};
			name = Debug;
		};
		C01FCF5008A954540054247B /* Release */ = {
			isa = XCBuildConfiguration;
			buildSettings = {
				ARCHS = "$(ARCHS_STANDARD_32_BIT)";
				"CODE_SIGN_IDENTITY[sdk=iphoneos*]" = "Don't Code Sign";
				GCC_C_LANGUAGE_STANDARD = c99;
				GCC_WARN_ABOUT_RETURN_TYPE = YES;
				GCC_WARN_UNUSED_VARIABLE = YES;
				IPHONEOS_DEPLOYMENT_TARGET = 3.1.3;
				OTHER_CFLAGS = "-DNS_BLOCK_ASSERTIONS=1";
				PREBINDING = NO;
				"PROVISIONING_PROFILE[sdk=iphoneos*]" = "";
				SDKROOT = iphoneos4.1;
			};
			name = Release;
		};
/* End XCBuildConfiguration section */

/* Begin XCConfigurationList section */
		1D6058960D05DD3E006BFB54 /* Build configuration list for PBXNativeTarget "Interval-Training" */ = {
			isa = XCConfigurationList;
			buildConfigurations = (
				1D6058940D05DD3E006BFB54 /* Debug */,
				1D6058950D05DD3E006BFB54 /* Release */,
				709ADD751288D93000AADA5A /* Ad Hoc Distribution */,
				709ADD771288D93A00AADA5A /* App Store Distribution */,
			);
			defaultConfigurationIsVisible = 0;
			defaultConfigurationName = Release;
		};
		C01FCF4E08A954540054247B /* Build configuration list for PBXProject "Interval-Training" */ = {
			isa = XCConfigurationList;
			buildConfigurations = (
				C01FCF4F08A954540054247B /* Debug */,
				C01FCF5008A954540054247B /* Release */,
				709ADD741288D93000AADA5A /* Ad Hoc Distribution */,
				709ADD761288D93A00AADA5A /* App Store Distribution */,
			);
			defaultConfigurationIsVisible = 0;
			defaultConfigurationName = Release;
		};
/* End XCConfigurationList section */
	};
	rootObject = 29B97313FDCFA39411CA2CEA /* Project object */;
}
