// !$*UTF8*$!
{
	archiveVersion = 1;
	classes = {
	};
	objectVersion = 46;
	objects = {

/* Begin PBXBuildFile section */
		1D3623260D0F684500981E51 /* Interval_TrainingAppDelegate.m in Sources */ = {isa = PBXBuildFile; fileRef = 1D3623250D0F684500981E51 /* Interval_TrainingAppDelegate.m */; };
		1D60589B0D05DD56006BFB54 /* main.m in Sources */ = {isa = PBXBuildFile; fileRef = 29B97316FDCFA39411CA2CEA /* main.m */; };
		1D60589F0D05DD5A006BFB54 /* Foundation.framework in Frameworks */ = {isa = PBXBuildFile; fileRef = 1D30AB110D05D00D00671497 /* Foundation.framework */; };
		1DF5F4E00D08C38300B7A737 /* UIKit.framework in Frameworks */ = {isa = PBXBuildFile; fileRef = 1DF5F4DF0D08C38300B7A737 /* UIKit.framework */; };
		22206A651223715E0050D13F /* Note.m in Sources */ = {isa = PBXBuildFile; fileRef = 22206A641223715E0050D13F /* Note.m */; };
		2226F97C1223968E00670702 /* DJ.m in Sources */ = {isa = PBXBuildFile; fileRef = 2226F97B1223968E00670702 /* DJ.m */; };
		22AD9E8A1277B28A00060BE3 /* Scorekeeper.m in Sources */ = {isa = PBXBuildFile; fileRef = 22AD9E891277B28A00060BE3 /* Scorekeeper.m */; };
		22DB3B2212984F1000FBFB28 /* AVFoundation.framework in Frameworks */ = {isa = PBXBuildFile; fileRef = 22DB3B2112984F1000FBFB28 /* AVFoundation.framework */; };
		280E754D0DD40C5E005A515E /* FlipsideView.xib in Resources */ = {isa = PBXBuildFile; fileRef = 280E754A0DD40C5E005A515E /* FlipsideView.xib */; };
		280E754E0DD40C5E005A515E /* MainView.xib in Resources */ = {isa = PBXBuildFile; fileRef = 280E754B0DD40C5E005A515E /* MainView.xib */; };
		280E754F0DD40C5E005A515E /* MainWindow.xib in Resources */ = {isa = PBXBuildFile; fileRef = 280E754C0DD40C5E005A515E /* MainWindow.xib */; };
		288765590DF743DE002DB57D /* CoreGraphics.framework in Frameworks */ = {isa = PBXBuildFile; fileRef = 288765580DF743DE002DB57D /* CoreGraphics.framework */; };
		289233AE0DB2D0DB0083E9F9 /* MainViewController.m in Sources */ = {isa = PBXBuildFile; fileRef = 289233A90DB2D0DB0083E9F9 /* MainViewController.m */; };
		289233B00DB2D0DB0083E9F9 /* FlipsideViewController.m in Sources */ = {isa = PBXBuildFile; fileRef = 289233AD0DB2D0DB0083E9F9 /* FlipsideViewController.m */; };
		70177196129B2D3000D4EE5C /* CustomDiffView.xib in Resources */ = {isa = PBXBuildFile; fileRef = 70177195129B2D3000D4EE5C /* CustomDiffView.xib */; };
		70177199129B2D3600D4EE5C /* CustomDiffTableViewController.m in Sources */ = {isa = PBXBuildFile; fileRef = 70177198129B2D3600D4EE5C /* CustomDiffTableViewController.m */; };
		701771C8129B340100D4EE5C /* CustomDiffViewController.m in Sources */ = {isa = PBXBuildFile; fileRef = 701771C7129B340100D4EE5C /* CustomDiffViewController.m */; };
		70177467129DA13B00D4EE5C /* Settings.m in Sources */ = {isa = PBXBuildFile; fileRef = 70177466129DA13B00D4EE5C /* Settings.m */; };
		701774EC129DC9B900D4EE5C /* Config.plist in Resources */ = {isa = PBXBuildFile; fileRef = 701774EB129DC9B900D4EE5C /* Config.plist */; };
		704A410212AF10A2009B9175 /* A#2W.wav in Resources */ = {isa = PBXBuildFile; fileRef = 704A40DE12AF10A2009B9175 /* A#2W.wav */; };
		704A410312AF10A2009B9175 /* A#3W.wav in Resources */ = {isa = PBXBuildFile; fileRef = 704A40DF12AF10A2009B9175 /* A#3W.wav */; };
		704A410412AF10A2009B9175 /* A#4W.wav in Resources */ = {isa = PBXBuildFile; fileRef = 704A40E012AF10A2009B9175 /* A#4W.wav */; };
		704A410512AF10A2009B9175 /* A2W.wav in Resources */ = {isa = PBXBuildFile; fileRef = 704A40E112AF10A2009B9175 /* A2W.wav */; };
		704A410612AF10A2009B9175 /* A3W.wav in Resources */ = {isa = PBXBuildFile; fileRef = 704A40E212AF10A2009B9175 /* A3W.wav */; };
		704A410712AF10A2009B9175 /* A4W.wav in Resources */ = {isa = PBXBuildFile; fileRef = 704A40E312AF10A2009B9175 /* A4W.wav */; };
		704A410812AF10A2009B9175 /* B2W.wav in Resources */ = {isa = PBXBuildFile; fileRef = 704A40E412AF10A2009B9175 /* B2W.wav */; };
		704A410912AF10A2009B9175 /* B3W.wav in Resources */ = {isa = PBXBuildFile; fileRef = 704A40E512AF10A2009B9175 /* B3W.wav */; };
		704A410A12AF10A2009B9175 /* B4W.wav in Resources */ = {isa = PBXBuildFile; fileRef = 704A40E612AF10A2009B9175 /* B4W.wav */; };
		704A410B12AF10A2009B9175 /* C#2W.wav in Resources */ = {isa = PBXBuildFile; fileRef = 704A40E712AF10A2009B9175 /* C#2W.wav */; };
		704A410C12AF10A2009B9175 /* C#3W.wav in Resources */ = {isa = PBXBuildFile; fileRef = 704A40E812AF10A2009B9175 /* C#3W.wav */; };
		704A410D12AF10A2009B9175 /* C#4W.wav in Resources */ = {isa = PBXBuildFile; fileRef = 704A40E912AF10A2009B9175 /* C#4W.wav */; };
		704A410E12AF10A2009B9175 /* C2W.wav in Resources */ = {isa = PBXBuildFile; fileRef = 704A40EA12AF10A2009B9175 /* C2W.wav */; };
		704A410F12AF10A2009B9175 /* C3W.wav in Resources */ = {isa = PBXBuildFile; fileRef = 704A40EB12AF10A2009B9175 /* C3W.wav */; };
		704A411012AF10A2009B9175 /* C4W.wav in Resources */ = {isa = PBXBuildFile; fileRef = 704A40EC12AF10A2009B9175 /* C4W.wav */; };
		704A411112AF10A2009B9175 /* D#2W.wav in Resources */ = {isa = PBXBuildFile; fileRef = 704A40ED12AF10A2009B9175 /* D#2W.wav */; };
		704A411212AF10A2009B9175 /* D#3W.wav in Resources */ = {isa = PBXBuildFile; fileRef = 704A40EE12AF10A2009B9175 /* D#3W.wav */; };
		704A411312AF10A2009B9175 /* D#4W.wav in Resources */ = {isa = PBXBuildFile; fileRef = 704A40EF12AF10A2009B9175 /* D#4W.wav */; };
		704A411512AF10A2009B9175 /* D3W.wav in Resources */ = {isa = PBXBuildFile; fileRef = 704A40F112AF10A2009B9175 /* D3W.wav */; };
		704A411612AF10A2009B9175 /* D4W.wav in Resources */ = {isa = PBXBuildFile; fileRef = 704A40F212AF10A2009B9175 /* D4W.wav */; };
		704A411712AF10A2009B9175 /* E2W.wav in Resources */ = {isa = PBXBuildFile; fileRef = 704A40F312AF10A2009B9175 /* E2W.wav */; };
		704A411812AF10A2009B9175 /* E3W.wav in Resources */ = {isa = PBXBuildFile; fileRef = 704A40F412AF10A2009B9175 /* E3W.wav */; };
		704A411912AF10A2009B9175 /* E4W.wav in Resources */ = {isa = PBXBuildFile; fileRef = 704A40F512AF10A2009B9175 /* E4W.wav */; };
		704A411A12AF10A2009B9175 /* F#2W.wav in Resources */ = {isa = PBXBuildFile; fileRef = 704A40F612AF10A2009B9175 /* F#2W.wav */; };
		704A411B12AF10A2009B9175 /* F#3W.wav in Resources */ = {isa = PBXBuildFile; fileRef = 704A40F712AF10A2009B9175 /* F#3W.wav */; };
		704A411C12AF10A2009B9175 /* F#4W.wav in Resources */ = {isa = PBXBuildFile; fileRef = 704A40F812AF10A2009B9175 /* F#4W.wav */; };
		704A411D12AF10A2009B9175 /* F2W.wav in Resources */ = {isa = PBXBuildFile; fileRef = 704A40F912AF10A2009B9175 /* F2W.wav */; };
		704A411E12AF10A2009B9175 /* F3W.wav in Resources */ = {isa = PBXBuildFile; fileRef = 704A40FA12AF10A2009B9175 /* F3W.wav */; };
		704A411F12AF10A2009B9175 /* F4W.wav in Resources */ = {isa = PBXBuildFile; fileRef = 704A40FB12AF10A2009B9175 /* F4W.wav */; };
		704A412012AF10A2009B9175 /* G#2W.wav in Resources */ = {isa = PBXBuildFile; fileRef = 704A40FC12AF10A2009B9175 /* G#2W.wav */; };
		704A412112AF10A2009B9175 /* G#3W.wav in Resources */ = {isa = PBXBuildFile; fileRef = 704A40FD12AF10A2009B9175 /* G#3W.wav */; };
		704A412212AF10A2009B9175 /* G#4W.wav in Resources */ = {isa = PBXBuildFile; fileRef = 704A40FE12AF10A2009B9175 /* G#4W.wav */; };
		704A412312AF10A2009B9175 /* G2W.wav in Resources */ = {isa = PBXBuildFile; fileRef = 704A40FF12AF10A2009B9175 /* G2W.wav */; };
		704A412412AF10A2009B9175 /* G3W.wav in Resources */ = {isa = PBXBuildFile; fileRef = 704A410012AF10A2009B9175 /* G3W.wav */; };
		704A412512AF10A2009B9175 /* G4W.wav in Resources */ = {isa = PBXBuildFile; fileRef = 704A410112AF10A2009B9175 /* G4W.wav */; };
		704A413B12AF1393009B9175 /* D2W.wav in Resources */ = {isa = PBXBuildFile; fileRef = 704A413A12AF1393009B9175 /* D2W.wav */; };
		70A9172C1288C937006FC622 /* 6 spoke settings black.png in Resources */ = {isa = PBXBuildFile; fileRef = 70A917161288C937006FC622 /* 6 spoke settings black.png */; };
		70A9172D1288C937006FC622 /* 6 spoke settings black@2x.png in Resources */ = {isa = PBXBuildFile; fileRef = 70A917171288C937006FC622 /* 6 spoke settings black@2x.png */; };
		70A9172E1288C937006FC622 /* 6 spoke settings white.png in Resources */ = {isa = PBXBuildFile; fileRef = 70A917181288C937006FC622 /* 6 spoke settings white.png */; };
		70A9172F1288C937006FC622 /* 6 spoke settings white@2x.png in Resources */ = {isa = PBXBuildFile; fileRef = 70A917191288C937006FC622 /* 6 spoke settings white@2x.png */; };
		70A917311288C937006FC622 /* Default.png in Resources */ = {isa = PBXBuildFile; fileRef = 70A9171B1288C937006FC622 /* Default.png */; };
		70A917321288C937006FC622 /* Icon-72.png in Resources */ = {isa = PBXBuildFile; fileRef = 70A9171C1288C937006FC622 /* Icon-72.png */; };
		70A917331288C937006FC622 /* Icon-Small-50.png in Resources */ = {isa = PBXBuildFile; fileRef = 70A9171D1288C937006FC622 /* Icon-Small-50.png */; };
		70A917341288C937006FC622 /* Icon-Small.png in Resources */ = {isa = PBXBuildFile; fileRef = 70A9171E1288C937006FC622 /* Icon-Small.png */; };
		70A917351288C937006FC622 /* Icon-Small@2x.png in Resources */ = {isa = PBXBuildFile; fileRef = 70A9171F1288C937006FC622 /* Icon-Small@2x.png */; };
		70A917361288C937006FC622 /* Icon.png in Resources */ = {isa = PBXBuildFile; fileRef = 70A917201288C937006FC622 /* Icon.png */; };
		70A917371288C937006FC622 /* Icon@2x.png in Resources */ = {isa = PBXBuildFile; fileRef = 70A917211288C937006FC622 /* Icon@2x.png */; };
		70A917391288C937006FC622 /* iTunesArtwork in Resources */ = {isa = PBXBuildFile; fileRef = 70A917231288C937006FC622 /* iTunesArtwork */; };
		70A9173A1288C937006FC622 /* Left Arrow.png in Resources */ = {isa = PBXBuildFile; fileRef = 70A917241288C937006FC622 /* Left Arrow.png */; };
		70A9173B1288C937006FC622 /* Left Arrow@2x.png in Resources */ = {isa = PBXBuildFile; fileRef = 70A917251288C937006FC622 /* Left Arrow@2x.png */; };
		70A9173C1288C937006FC622 /* OTG Intervals blue.png in Resources */ = {isa = PBXBuildFile; fileRef = 70A917261288C937006FC622 /* OTG Intervals blue.png */; };
		70A9173D1288C937006FC622 /* OTG Intervals red.png in Resources */ = {isa = PBXBuildFile; fileRef = 70A917271288C937006FC622 /* OTG Intervals red.png */; };
		70A9173E1288C937006FC622 /* Right Arrow.png in Resources */ = {isa = PBXBuildFile; fileRef = 70A917281288C937006FC622 /* Right Arrow.png */; };
		70A9173F1288C937006FC622 /* Right Arrow@2x.png in Resources */ = {isa = PBXBuildFile; fileRef = 70A917291288C937006FC622 /* Right Arrow@2x.png */; };
/* End PBXBuildFile section */

/* Begin PBXFileReference section */
		1D30AB110D05D00D00671497 /* Foundation.framework */ = {isa = PBXFileReference; lastKnownFileType = wrapper.framework; name = Foundation.framework; path = System/Library/Frameworks/Foundation.framework; sourceTree = SDKROOT; };
		1D3623240D0F684500981E51 /* Interval_TrainingAppDelegate.h */ = {isa = PBXFileReference; fileEncoding = 4; lastKnownFileType = sourcecode.c.h; path = Interval_TrainingAppDelegate.h; sourceTree = "<group>"; };
		1D3623250D0F684500981E51 /* Interval_TrainingAppDelegate.m */ = {isa = PBXFileReference; fileEncoding = 4; lastKnownFileType = sourcecode.c.objc; path = Interval_TrainingAppDelegate.m; sourceTree = "<group>"; };
		1D6058910D05DD3D006BFB54 /* Interval-Training.app */ = {isa = PBXFileReference; explicitFileType = wrapper.application; includeInIndex = 0; path = "Interval-Training.app"; sourceTree = BUILT_PRODUCTS_DIR; };
		1DF5F4DF0D08C38300B7A737 /* UIKit.framework */ = {isa = PBXFileReference; lastKnownFileType = wrapper.framework; name = UIKit.framework; path = System/Library/Frameworks/UIKit.framework; sourceTree = SDKROOT; };
		22206A631223715E0050D13F /* Note.h */ = {isa = PBXFileReference; fileEncoding = 4; lastKnownFileType = sourcecode.c.h; name = Note.h; path = Classes/Note.h; sourceTree = "<group>"; };
		22206A641223715E0050D13F /* Note.m */ = {isa = PBXFileReference; fileEncoding = 4; lastKnownFileType = sourcecode.c.objc; name = Note.m; path = Classes/Note.m; sourceTree = "<group>"; };
		2226F97A1223968E00670702 /* DJ.h */ = {isa = PBXFileReference; fileEncoding = 4; lastKnownFileType = sourcecode.c.h; name = DJ.h; path = Classes/DJ.h; sourceTree = "<group>"; };
		2226F97B1223968E00670702 /* DJ.m */ = {isa = PBXFileReference; fileEncoding = 4; lastKnownFileType = sourcecode.c.objc; name = DJ.m; path = Classes/DJ.m; sourceTree = "<group>"; };
		22AD9E881277B28A00060BE3 /* Scorekeeper.h */ = {isa = PBXFileReference; fileEncoding = 4; lastKnownFileType = sourcecode.c.h; name = Scorekeeper.h; path = Classes/Scorekeeper.h; sourceTree = "<group>"; };
		22AD9E891277B28A00060BE3 /* Scorekeeper.m */ = {isa = PBXFileReference; fileEncoding = 4; lastKnownFileType = sourcecode.c.objc; name = Scorekeeper.m; path = Classes/Scorekeeper.m; sourceTree = "<group>"; };
		22DB3B2112984F1000FBFB28 /* AVFoundation.framework */ = {isa = PBXFileReference; lastKnownFileType = wrapper.framework; name = AVFoundation.framework; path = System/Library/Frameworks/AVFoundation.framework; sourceTree = SDKROOT; };
		280E754A0DD40C5E005A515E /* FlipsideView.xib */ = {isa = PBXFileReference; lastKnownFileType = file.xib; path = FlipsideView.xib; sourceTree = "<group>"; };
		280E754B0DD40C5E005A515E /* MainView.xib */ = {isa = PBXFileReference; lastKnownFileType = file.xib; path = MainView.xib; sourceTree = "<group>"; };
		280E754C0DD40C5E005A515E /* MainWindow.xib */ = {isa = PBXFileReference; lastKnownFileType = file.xib; path = MainWindow.xib; sourceTree = "<group>"; };
		288765580DF743DE002DB57D /* CoreGraphics.framework */ = {isa = PBXFileReference; lastKnownFileType = wrapper.framework; name = CoreGraphics.framework; path = System/Library/Frameworks/CoreGraphics.framework; sourceTree = SDKROOT; };
		289233A80DB2D0DB0083E9F9 /* MainViewController.h */ = {isa = PBXFileReference; fileEncoding = 4; lastKnownFileType = sourcecode.c.h; name = MainViewController.h; path = Classes/MainViewController.h; sourceTree = "<group>"; };
		289233A90DB2D0DB0083E9F9 /* MainViewController.m */ = {isa = PBXFileReference; fileEncoding = 4; lastKnownFileType = sourcecode.c.objc; name = MainViewController.m; path = Classes/MainViewController.m; sourceTree = "<group>"; };
		289233AC0DB2D0DB0083E9F9 /* FlipsideViewController.h */ = {isa = PBXFileReference; fileEncoding = 4; lastKnownFileType = sourcecode.c.h; name = FlipsideViewController.h; path = Classes/FlipsideViewController.h; sourceTree = "<group>"; };
		289233AD0DB2D0DB0083E9F9 /* FlipsideViewController.m */ = {isa = PBXFileReference; fileEncoding = 4; lastKnownFileType = sourcecode.c.objc; name = FlipsideViewController.m; path = Classes/FlipsideViewController.m; sourceTree = "<group>"; };
		29B97316FDCFA39411CA2CEA /* main.m */ = {isa = PBXFileReference; fileEncoding = 4; lastKnownFileType = sourcecode.c.objc; path = main.m; sourceTree = "<group>"; };
		32CA4F630368D1EE00C91783 /* Interval_Training_Prefix.pch */ = {isa = PBXFileReference; fileEncoding = 4; lastKnownFileType = sourcecode.c.h; path = Interval_Training_Prefix.pch; sourceTree = "<group>"; };
		70177195129B2D3000D4EE5C /* CustomDiffView.xib */ = {isa = PBXFileReference; lastKnownFileType = file.xib; path = CustomDiffView.xib; sourceTree = "<group>"; };
		70177197129B2D3600D4EE5C /* CustomDiffTableViewController.h */ = {isa = PBXFileReference; fileEncoding = 4; lastKnownFileType = sourcecode.c.h; name = CustomDiffTableViewController.h; path = Classes/CustomDiffTableViewController.h; sourceTree = "<group>"; };
		70177198129B2D3600D4EE5C /* CustomDiffTableViewController.m */ = {isa = PBXFileReference; fileEncoding = 4; lastKnownFileType = sourcecode.c.objc; name = CustomDiffTableViewController.m; path = Classes/CustomDiffTableViewController.m; sourceTree = "<group>"; };
		701771C6129B340100D4EE5C /* CustomDiffViewController.h */ = {isa = PBXFileReference; fileEncoding = 4; lastKnownFileType = sourcecode.c.h; path = CustomDiffViewController.h; sourceTree = "<group>"; };
		701771C7129B340100D4EE5C /* CustomDiffViewController.m */ = {isa = PBXFileReference; fileEncoding = 4; lastKnownFileType = sourcecode.c.objc; path = CustomDiffViewController.m; sourceTree = "<group>"; };
		7017745D129D9EE700D4EE5C /* SynthesizeSingleton.h */ = {isa = PBXFileReference; fileEncoding = 4; lastKnownFileType = sourcecode.c.h; path = SynthesizeSingleton.h; sourceTree = "<group>"; };
		70177465129DA13B00D4EE5C /* Settings.h */ = {isa = PBXFileReference; fileEncoding = 4; lastKnownFileType = sourcecode.c.h; name = Settings.h; path = Classes/Settings.h; sourceTree = "<group>"; };
		70177466129DA13B00D4EE5C /* Settings.m */ = {isa = PBXFileReference; fileEncoding = 4; lastKnownFileType = sourcecode.c.objc; name = Settings.m; path = Classes/Settings.m; sourceTree = "<group>"; };
		701774EB129DC9B900D4EE5C /* Config.plist */ = {isa = PBXFileReference; fileEncoding = 4; lastKnownFileType = text.plist.xml; path = Config.plist; sourceTree = "<group>"; };
		704A40DE12AF10A2009B9175 /* A#2W.wav */ = {isa = PBXFileReference; lastKnownFileType = audio.wav; path = "A#2W.wav"; sourceTree = "<group>"; };
		704A40DF12AF10A2009B9175 /* A#3W.wav */ = {isa = PBXFileReference; lastKnownFileType = audio.wav; path = "A#3W.wav"; sourceTree = "<group>"; };
		704A40E012AF10A2009B9175 /* A#4W.wav */ = {isa = PBXFileReference; lastKnownFileType = audio.wav; path = "A#4W.wav"; sourceTree = "<group>"; };
		704A40E112AF10A2009B9175 /* A2W.wav */ = {isa = PBXFileReference; lastKnownFileType = audio.wav; path = A2W.wav; sourceTree = "<group>"; };
		704A40E212AF10A2009B9175 /* A3W.wav */ = {isa = PBXFileReference; lastKnownFileType = audio.wav; path = A3W.wav; sourceTree = "<group>"; };
		704A40E312AF10A2009B9175 /* A4W.wav */ = {isa = PBXFileReference; lastKnownFileType = audio.wav; path = A4W.wav; sourceTree = "<group>"; };
		704A40E412AF10A2009B9175 /* B2W.wav */ = {isa = PBXFileReference; lastKnownFileType = audio.wav; path = B2W.wav; sourceTree = "<group>"; };
		704A40E512AF10A2009B9175 /* B3W.wav */ = {isa = PBXFileReference; lastKnownFileType = audio.wav; path = B3W.wav; sourceTree = "<group>"; };
		704A40E612AF10A2009B9175 /* B4W.wav */ = {isa = PBXFileReference; lastKnownFileType = audio.wav; path = B4W.wav; sourceTree = "<group>"; };
		704A40E712AF10A2009B9175 /* C#2W.wav */ = {isa = PBXFileReference; lastKnownFileType = audio.wav; path = "C#2W.wav"; sourceTree = "<group>"; };
		704A40E812AF10A2009B9175 /* C#3W.wav */ = {isa = PBXFileReference; lastKnownFileType = audio.wav; path = "C#3W.wav"; sourceTree = "<group>"; };
		704A40E912AF10A2009B9175 /* C#4W.wav */ = {isa = PBXFileReference; lastKnownFileType = audio.wav; path = "C#4W.wav"; sourceTree = "<group>"; };
		704A40EA12AF10A2009B9175 /* C2W.wav */ = {isa = PBXFileReference; lastKnownFileType = audio.wav; path = C2W.wav; sourceTree = "<group>"; };
		704A40EB12AF10A2009B9175 /* C3W.wav */ = {isa = PBXFileReference; lastKnownFileType = audio.wav; path = C3W.wav; sourceTree = "<group>"; };
		704A40EC12AF10A2009B9175 /* C4W.wav */ = {isa = PBXFileReference; lastKnownFileType = audio.wav; path = C4W.wav; sourceTree = "<group>"; };
		704A40ED12AF10A2009B9175 /* D#2W.wav */ = {isa = PBXFileReference; lastKnownFileType = audio.wav; path = "D#2W.wav"; sourceTree = "<group>"; };
		704A40EE12AF10A2009B9175 /* D#3W.wav */ = {isa = PBXFileReference; lastKnownFileType = audio.wav; path = "D#3W.wav"; sourceTree = "<group>"; };
		704A40EF12AF10A2009B9175 /* D#4W.wav */ = {isa = PBXFileReference; lastKnownFileType = audio.wav; path = "D#4W.wav"; sourceTree = "<group>"; };
		704A40F112AF10A2009B9175 /* D3W.wav */ = {isa = PBXFileReference; lastKnownFileType = audio.wav; path = D3W.wav; sourceTree = "<group>"; };
		704A40F212AF10A2009B9175 /* D4W.wav */ = {isa = PBXFileReference; lastKnownFileType = audio.wav; path = D4W.wav; sourceTree = "<group>"; };
		704A40F312AF10A2009B9175 /* E2W.wav */ = {isa = PBXFileReference; lastKnownFileType = audio.wav; path = E2W.wav; sourceTree = "<group>"; };
		704A40F412AF10A2009B9175 /* E3W.wav */ = {isa = PBXFileReference; lastKnownFileType = audio.wav; path = E3W.wav; sourceTree = "<group>"; };
		704A40F512AF10A2009B9175 /* E4W.wav */ = {isa = PBXFileReference; lastKnownFileType = audio.wav; path = E4W.wav; sourceTree = "<group>"; };
		704A40F612AF10A2009B9175 /* F#2W.wav */ = {isa = PBXFileReference; lastKnownFileType = audio.wav; path = "F#2W.wav"; sourceTree = "<group>"; };
		704A40F712AF10A2009B9175 /* F#3W.wav */ = {isa = PBXFileReference; lastKnownFileType = audio.wav; path = "F#3W.wav"; sourceTree = "<group>"; };
		704A40F812AF10A2009B9175 /* F#4W.wav */ = {isa = PBXFileReference; lastKnownFileType = audio.wav; path = "F#4W.wav"; sourceTree = "<group>"; };
		704A40F912AF10A2009B9175 /* F2W.wav */ = {isa = PBXFileReference; lastKnownFileType = audio.wav; path = F2W.wav; sourceTree = "<group>"; };
		704A40FA12AF10A2009B9175 /* F3W.wav */ = {isa = PBXFileReference; lastKnownFileType = audio.wav; path = F3W.wav; sourceTree = "<group>"; };
		704A40FB12AF10A2009B9175 /* F4W.wav */ = {isa = PBXFileReference; lastKnownFileType = audio.wav; path = F4W.wav; sourceTree = "<group>"; };
		704A40FC12AF10A2009B9175 /* G#2W.wav */ = {isa = PBXFileReference; lastKnownFileType = audio.wav; path = "G#2W.wav"; sourceTree = "<group>"; };
		704A40FD12AF10A2009B9175 /* G#3W.wav */ = {isa = PBXFileReference; lastKnownFileType = audio.wav; path = "G#3W.wav"; sourceTree = "<group>"; };
		704A40FE12AF10A2009B9175 /* G#4W.wav */ = {isa = PBXFileReference; lastKnownFileType = audio.wav; path = "G#4W.wav"; sourceTree = "<group>"; };
		704A40FF12AF10A2009B9175 /* G2W.wav */ = {isa = PBXFileReference; lastKnownFileType = audio.wav; path = G2W.wav; sourceTree = "<group>"; };
		704A410012AF10A2009B9175 /* G3W.wav */ = {isa = PBXFileReference; lastKnownFileType = audio.wav; path = G3W.wav; sourceTree = "<group>"; };
		704A410112AF10A2009B9175 /* G4W.wav */ = {isa = PBXFileReference; lastKnownFileType = audio.wav; path = G4W.wav; sourceTree = "<group>"; };
		704A413A12AF1393009B9175 /* D2W.wav */ = {isa = PBXFileReference; lastKnownFileType = audio.wav; path = D2W.wav; sourceTree = "<group>"; };
		709F08C612A719E4002C46B4 /* Entitlements.plist */ = {isa = PBXFileReference; fileEncoding = 4; lastKnownFileType = text.plist.xml; path = Entitlements.plist; sourceTree = "<group>"; };
		70A917161288C937006FC622 /* 6 spoke settings black.png */ = {isa = PBXFileReference; lastKnownFileType = image.png; path = "6 spoke settings black.png"; sourceTree = "<group>"; };
		70A917171288C937006FC622 /* 6 spoke settings black@2x.png */ = {isa = PBXFileReference; lastKnownFileType = image.png; path = "6 spoke settings black@2x.png"; sourceTree = "<group>"; };
		70A917181288C937006FC622 /* 6 spoke settings white.png */ = {isa = PBXFileReference; lastKnownFileType = image.png; path = "6 spoke settings white.png"; sourceTree = "<group>"; };
		70A917191288C937006FC622 /* 6 spoke settings white@2x.png */ = {isa = PBXFileReference; lastKnownFileType = image.png; path = "6 spoke settings white@2x.png"; sourceTree = "<group>"; };
		70A9171B1288C937006FC622 /* Default.png */ = {isa = PBXFileReference; lastKnownFileType = image.png; path = Default.png; sourceTree = "<group>"; };
		70A9171C1288C937006FC622 /* Icon-72.png */ = {isa = PBXFileReference; lastKnownFileType = image.png; path = "Icon-72.png"; sourceTree = "<group>"; };
		70A9171D1288C937006FC622 /* Icon-Small-50.png */ = {isa = PBXFileReference; lastKnownFileType = image.png; path = "Icon-Small-50.png"; sourceTree = "<group>"; };
		70A9171E1288C937006FC622 /* Icon-Small.png */ = {isa = PBXFileReference; lastKnownFileType = image.png; path = "Icon-Small.png"; sourceTree = "<group>"; };
		70A9171F1288C937006FC622 /* Icon-Small@2x.png */ = {isa = PBXFileReference; lastKnownFileType = image.png; path = "Icon-Small@2x.png"; sourceTree = "<group>"; };
		70A917201288C937006FC622 /* Icon.png */ = {isa = PBXFileReference; lastKnownFileType = image.png; path = Icon.png; sourceTree = "<group>"; };
		70A917211288C937006FC622 /* Icon@2x.png */ = {isa = PBXFileReference; lastKnownFileType = image.png; path = "Icon@2x.png"; sourceTree = "<group>"; };
		70A917231288C937006FC622 /* iTunesArtwork */ = {isa = PBXFileReference; lastKnownFileType = file; path = iTunesArtwork; sourceTree = "<group>"; };
		70A917241288C937006FC622 /* Left Arrow.png */ = {isa = PBXFileReference; lastKnownFileType = image.png; path = "Left Arrow.png"; sourceTree = "<group>"; };
		70A917251288C937006FC622 /* Left Arrow@2x.png */ = {isa = PBXFileReference; lastKnownFileType = image.png; path = "Left Arrow@2x.png"; sourceTree = "<group>"; };
		70A917261288C937006FC622 /* OTG Intervals blue.png */ = {isa = PBXFileReference; lastKnownFileType = image.png; path = "OTG Intervals blue.png"; sourceTree = "<group>"; };
		70A917271288C937006FC622 /* OTG Intervals red.png */ = {isa = PBXFileReference; lastKnownFileType = image.png; path = "OTG Intervals red.png"; sourceTree = "<group>"; };
		70A917281288C937006FC622 /* Right Arrow.png */ = {isa = PBXFileReference; lastKnownFileType = image.png; path = "Right Arrow.png"; sourceTree = "<group>"; };
		70A917291288C937006FC622 /* Right Arrow@2x.png */ = {isa = PBXFileReference; lastKnownFileType = image.png; path = "Right Arrow@2x.png"; sourceTree = "<group>"; };
		8D1107310486CEB800E47090 /* Interval_Training-Info.plist */ = {isa = PBXFileReference; fileEncoding = 4; lastKnownFileType = text.plist.xml; path = "Interval_Training-Info.plist"; plistStructureDefinitionIdentifier = "com.apple.xcode.plist.structure-definition.iphone.info-plist"; sourceTree = "<group>"; };
/* End PBXFileReference section */

/* Begin PBXFrameworksBuildPhase section */
		1D60588F0D05DD3D006BFB54 /* Frameworks */ = {
			isa = PBXFrameworksBuildPhase;
			buildActionMask = 2147483647;
			files = (
				1D60589F0D05DD5A006BFB54 /* Foundation.framework in Frameworks */,
				1DF5F4E00D08C38300B7A737 /* UIKit.framework in Frameworks */,
				288765590DF743DE002DB57D /* CoreGraphics.framework in Frameworks */,
				22DB3B2212984F1000FBFB28 /* AVFoundation.framework in Frameworks */,
			);
			runOnlyForDeploymentPostprocessing = 0;
		};
/* End PBXFrameworksBuildPhase section */

/* Begin PBXGroup section */
		080E96DDFE201D6D7F000001 /* Application Delegate */ = {
			isa = PBXGroup;
			children = (
				1D3623240D0F684500981E51 /* Interval_TrainingAppDelegate.h */,
				1D3623250D0F684500981E51 /* Interval_TrainingAppDelegate.m */,
			);
			name = "Application Delegate";
			path = Classes;
			sourceTree = "<group>";
		};
		19C28FACFE9D520D11CA2CBB /* Products */ = {
			isa = PBXGroup;
			children = (
				1D6058910D05DD3D006BFB54 /* Interval-Training.app */,
			);
			name = Products;
			sourceTree = "<group>";
		};
		281C6CD70DB2D82200F60ACC /* View Controllers */ = {
			isa = PBXGroup;
			children = (
				701771C6129B340100D4EE5C /* CustomDiffViewController.h */,
				701771C7129B340100D4EE5C /* CustomDiffViewController.m */,
				70177197129B2D3600D4EE5C /* CustomDiffTableViewController.h */,
				70177198129B2D3600D4EE5C /* CustomDiffTableViewController.m */,
				289233A80DB2D0DB0083E9F9 /* MainViewController.h */,
				289233A90DB2D0DB0083E9F9 /* MainViewController.m */,
				289233AC0DB2D0DB0083E9F9 /* FlipsideViewController.h */,
				289233AD0DB2D0DB0083E9F9 /* FlipsideViewController.m */,
			);
			name = "View Controllers";
			sourceTree = "<group>";
		};
		289233A00DB2D0730083E9F9 /* Custom Classes */ = {
			isa = PBXGroup;
			children = (
				70177465129DA13B00D4EE5C /* Settings.h */,
				70177466129DA13B00D4EE5C /* Settings.m */,
				22AD9E881277B28A00060BE3 /* Scorekeeper.h */,
				22AD9E891277B28A00060BE3 /* Scorekeeper.m */,
				2226F97A1223968E00670702 /* DJ.h */,
				2226F97B1223968E00670702 /* DJ.m */,
				22206A631223715E0050D13F /* Note.h */,
				22206A641223715E0050D13F /* Note.m */,
			);
			name = "Custom Classes";
			sourceTree = "<group>";
		};
		29B97314FDCFA39411CA2CEA /* CustomTemplate */ = {
			isa = PBXGroup;
			children = (
				289233A00DB2D0730083E9F9 /* Custom Classes */,
				281C6CD70DB2D82200F60ACC /* View Controllers */,
				080E96DDFE201D6D7F000001 /* Application Delegate */,
				29B97315FDCFA39411CA2CEA /* Other Sources */,
				29B97317FDCFA39411CA2CEA /* Resources */,
				29B97323FDCFA39411CA2CEA /* Frameworks */,
				19C28FACFE9D520D11CA2CBB /* Products */,
				709F08C612A719E4002C46B4 /* Entitlements.plist */,
			);
			name = CustomTemplate;
			sourceTree = "<group>";
		};
		29B97315FDCFA39411CA2CEA /* Other Sources */ = {
			isa = PBXGroup;
			children = (
				7017745D129D9EE700D4EE5C /* SynthesizeSingleton.h */,
				32CA4F630368D1EE00C91783 /* Interval_Training_Prefix.pch */,
				29B97316FDCFA39411CA2CEA /* main.m */,
			);
			name = "Other Sources";
			sourceTree = "<group>";
		};
		29B97317FDCFA39411CA2CEA /* Resources */ = {
			isa = PBXGroup;
			children = (
				70A917131288C937006FC622 /* images */,
				7022AE441239B9AD009895B1 /* sounds */,
				70177195129B2D3000D4EE5C /* CustomDiffView.xib */,
				280E754A0DD40C5E005A515E /* FlipsideView.xib */,
				280E754B0DD40C5E005A515E /* MainView.xib */,
				280E754C0DD40C5E005A515E /* MainWindow.xib */,
				8D1107310486CEB800E47090 /* Interval_Training-Info.plist */,
				701774EB129DC9B900D4EE5C /* Config.plist */,
			);
			name = Resources;
			sourceTree = "<group>";
		};
		29B97323FDCFA39411CA2CEA /* Frameworks */ = {
			isa = PBXGroup;
			children = (
				1DF5F4DF0D08C38300B7A737 /* UIKit.framework */,
				1D30AB110D05D00D00671497 /* Foundation.framework */,
				288765580DF743DE002DB57D /* CoreGraphics.framework */,
				22DB3B2112984F1000FBFB28 /* AVFoundation.framework */,
			);
			name = Frameworks;
			sourceTree = "<group>";
		};
		7022AE441239B9AD009895B1 /* sounds */ = {
			isa = PBXGroup;
			children = (
				704A40DE12AF10A2009B9175 /* A#2W.wav */,
				704A40DF12AF10A2009B9175 /* A#3W.wav */,
				704A40E012AF10A2009B9175 /* A#4W.wav */,
				704A40E112AF10A2009B9175 /* A2W.wav */,
				704A40E212AF10A2009B9175 /* A3W.wav */,
				704A40E312AF10A2009B9175 /* A4W.wav */,
				704A40E412AF10A2009B9175 /* B2W.wav */,
				704A40E512AF10A2009B9175 /* B3W.wav */,
				704A40E612AF10A2009B9175 /* B4W.wav */,
				704A40E712AF10A2009B9175 /* C#2W.wav */,
				704A40E812AF10A2009B9175 /* C#3W.wav */,
				704A40E912AF10A2009B9175 /* C#4W.wav */,
				704A40EA12AF10A2009B9175 /* C2W.wav */,
				704A40EB12AF10A2009B9175 /* C3W.wav */,
				704A40EC12AF10A2009B9175 /* C4W.wav */,
				704A40ED12AF10A2009B9175 /* D#2W.wav */,
				704A40EE12AF10A2009B9175 /* D#3W.wav */,
				704A40EF12AF10A2009B9175 /* D#4W.wav */,
				704A413A12AF1393009B9175 /* D2W.wav */,
				704A40F112AF10A2009B9175 /* D3W.wav */,
				704A40F212AF10A2009B9175 /* D4W.wav */,
				704A40F312AF10A2009B9175 /* E2W.wav */,
				704A40F412AF10A2009B9175 /* E3W.wav */,
				704A40F512AF10A2009B9175 /* E4W.wav */,
				704A40F612AF10A2009B9175 /* F#2W.wav */,
				704A40F712AF10A2009B9175 /* F#3W.wav */,
				704A40F812AF10A2009B9175 /* F#4W.wav */,
				704A40F912AF10A2009B9175 /* F2W.wav */,
				704A40FA12AF10A2009B9175 /* F3W.wav */,
				704A40FB12AF10A2009B9175 /* F4W.wav */,
				704A40FC12AF10A2009B9175 /* G#2W.wav */,
				704A40FD12AF10A2009B9175 /* G#3W.wav */,
				704A40FE12AF10A2009B9175 /* G#4W.wav */,
				704A40FF12AF10A2009B9175 /* G2W.wav */,
				704A410012AF10A2009B9175 /* G3W.wav */,
				704A410112AF10A2009B9175 /* G4W.wav */,
			);
			path = sounds;
			sourceTree = "<group>";
		};
		70A917131288C937006FC622 /* images */ = {
			isa = PBXGroup;
			children = (
				70A917161288C937006FC622 /* 6 spoke settings black.png */,
				70A917171288C937006FC622 /* 6 spoke settings black@2x.png */,
				70A917181288C937006FC622 /* 6 spoke settings white.png */,
				70A917191288C937006FC622 /* 6 spoke settings white@2x.png */,
				70A9171B1288C937006FC622 /* Default.png */,
				70A9171C1288C937006FC622 /* Icon-72.png */,
				70A9171D1288C937006FC622 /* Icon-Small-50.png */,
				70A9171E1288C937006FC622 /* Icon-Small.png */,
				70A9171F1288C937006FC622 /* Icon-Small@2x.png */,
				70A917201288C937006FC622 /* Icon.png */,
				70A917211288C937006FC622 /* Icon@2x.png */,
				70A917231288C937006FC622 /* iTunesArtwork */,
				70A917241288C937006FC622 /* Left Arrow.png */,
				70A917251288C937006FC622 /* Left Arrow@2x.png */,
				70A917261288C937006FC622 /* OTG Intervals blue.png */,
				70A917271288C937006FC622 /* OTG Intervals red.png */,
				70A917281288C937006FC622 /* Right Arrow.png */,
				70A917291288C937006FC622 /* Right Arrow@2x.png */,
			);
			path = images;
			sourceTree = "<group>";
		};
/* End PBXGroup section */

/* Begin PBXNativeTarget section */
		1D6058900D05DD3D006BFB54 /* Interval-Training */ = {
			isa = PBXNativeTarget;
			buildConfigurationList = 1D6058960D05DD3E006BFB54 /* Build configuration list for PBXNativeTarget "Interval-Training" */;
			buildPhases = (
				1D60588D0D05DD3D006BFB54 /* Resources */,
				1D60588E0D05DD3D006BFB54 /* Sources */,
				1D60588F0D05DD3D006BFB54 /* Frameworks */,
			);
			buildRules = (
			);
			dependencies = (
			);
			name = "Interval-Training";
			productName = "Interval-Training";
			productReference = 1D6058910D05DD3D006BFB54 /* Interval-Training.app */;
			productType = "com.apple.product-type.application";
		};
/* End PBXNativeTarget section */

/* Begin PBXProject section */
		29B97313FDCFA39411CA2CEA /* Project object */ = {
			isa = PBXProject;
			attributes = {
				ORGANIZATIONNAME = CalamitySoft;
			};
			buildConfigurationList = C01FCF4E08A954540054247B /* Build configuration list for PBXProject "Interval-Training" */;
			compatibilityVersion = "Xcode 3.2";
			developmentRegion = English;
			hasScannedForEncodings = 1;
			knownRegions = (
				English,
				Japanese,
				French,
				German,
				en,
			);
			mainGroup = 29B97314FDCFA39411CA2CEA /* CustomTemplate */;
			projectDirPath = "";
			projectRoot = "";
			targets = (
				1D6058900D05DD3D006BFB54 /* Interval-Training */,
			);
		};
/* End PBXProject section */

/* Begin PBXResourcesBuildPhase section */
		1D60588D0D05DD3D006BFB54 /* Resources */ = {
			isa = PBXResourcesBuildPhase;
			buildActionMask = 2147483647;
			files = (
				280E754D0DD40C5E005A515E /* FlipsideView.xib in Resources */,
				280E754E0DD40C5E005A515E /* MainView.xib in Resources */,
				280E754F0DD40C5E005A515E /* MainWindow.xib in Resources */,
				70A9172C1288C937006FC622 /* 6 spoke settings black.png in Resources */,
				70A9172D1288C937006FC622 /* 6 spoke settings black@2x.png in Resources */,
				70A9172E1288C937006FC622 /* 6 spoke settings white.png in Resources */,
				70A9172F1288C937006FC622 /* 6 spoke settings white@2x.png in Resources */,
				70A917311288C937006FC622 /* Default.png in Resources */,
				70A917321288C937006FC622 /* Icon-72.png in Resources */,
				70A917331288C937006FC622 /* Icon-Small-50.png in Resources */,
				70A917341288C937006FC622 /* Icon-Small.png in Resources */,
				70A917351288C937006FC622 /* Icon-Small@2x.png in Resources */,
				70A917361288C937006FC622 /* Icon.png in Resources */,
				70A917371288C937006FC622 /* Icon@2x.png in Resources */,
				70A917391288C937006FC622 /* iTunesArtwork in Resources */,
				70A9173A1288C937006FC622 /* Left Arrow.png in Resources */,
				70A9173B1288C937006FC622 /* Left Arrow@2x.png in Resources */,
				70A9173C1288C937006FC622 /* OTG Intervals blue.png in Resources */,
				70A9173D1288C937006FC622 /* OTG Intervals red.png in Resources */,
				70A9173E1288C937006FC622 /* Right Arrow.png in Resources */,
				70A9173F1288C937006FC622 /* Right Arrow@2x.png in Resources */,
				70177196129B2D3000D4EE5C /* CustomDiffView.xib in Resources */,
				701774EC129DC9B900D4EE5C /* Config.plist in Resources */,
				704A410212AF10A2009B9175 /* A#2W.wav in Resources */,
				704A410312AF10A2009B9175 /* A#3W.wav in Resources */,
				704A410412AF10A2009B9175 /* A#4W.wav in Resources */,
				704A410512AF10A2009B9175 /* A2W.wav in Resources */,
				704A410612AF10A2009B9175 /* A3W.wav in Resources */,
				704A410712AF10A2009B9175 /* A4W.wav in Resources */,
				704A410812AF10A2009B9175 /* B2W.wav in Resources */,
				704A410912AF10A2009B9175 /* B3W.wav in Resources */,
				704A410A12AF10A2009B9175 /* B4W.wav in Resources */,
				704A410B12AF10A2009B9175 /* C#2W.wav in Resources */,
				704A410C12AF10A2009B9175 /* C#3W.wav in Resources */,
				704A410D12AF10A2009B9175 /* C#4W.wav in Resources */,
				704A410E12AF10A2009B9175 /* C2W.wav in Resources */,
				704A410F12AF10A2009B9175 /* C3W.wav in Resources */,
				704A411012AF10A2009B9175 /* C4W.wav in Resources */,
				704A411112AF10A2009B9175 /* D#2W.wav in Resources */,
				704A411212AF10A2009B9175 /* D#3W.wav in Resources */,
				704A411312AF10A2009B9175 /* D#4W.wav in Resources */,
				704A411512AF10A2009B9175 /* D3W.wav in Resources */,
				704A411612AF10A2009B9175 /* D4W.wav in Resources */,
				704A411712AF10A2009B9175 /* E2W.wav in Resources */,
				704A411812AF10A2009B9175 /* E3W.wav in Resources */,
				704A411912AF10A2009B9175 /* E4W.wav in Resources */,
				704A411A12AF10A2009B9175 /* F#2W.wav in Resources */,
				704A411B12AF10A2009B9175 /* F#3W.wav in Resources */,
				704A411C12AF10A2009B9175 /* F#4W.wav in Resources */,
				704A411D12AF10A2009B9175 /* F2W.wav in Resources */,
				704A411E12AF10A2009B9175 /* F3W.wav in Resources */,
				704A411F12AF10A2009B9175 /* F4W.wav in Resources */,
				704A412012AF10A2009B9175 /* G#2W.wav in Resources */,
				704A412112AF10A2009B9175 /* G#3W.wav in Resources */,
				704A412212AF10A2009B9175 /* G#4W.wav in Resources */,
				704A412312AF10A2009B9175 /* G2W.wav in Resources */,
				704A412412AF10A2009B9175 /* G3W.wav in Resources */,
				704A412512AF10A2009B9175 /* G4W.wav in Resources */,
				704A413B12AF1393009B9175 /* D2W.wav in Resources */,
			);
			runOnlyForDeploymentPostprocessing = 0;
		};
/* End PBXResourcesBuildPhase section */

/* Begin PBXSourcesBuildPhase section */
		1D60588E0D05DD3D006BFB54 /* Sources */ = {
			isa = PBXSourcesBuildPhase;
			buildActionMask = 2147483647;
			files = (
				1D60589B0D05DD56006BFB54 /* main.m in Sources */,
				1D3623260D0F684500981E51 /* Interval_TrainingAppDelegate.m in Sources */,
				289233AE0DB2D0DB0083E9F9 /* MainViewController.m in Sources */,
				289233B00DB2D0DB0083E9F9 /* FlipsideViewController.m in Sources */,
				22206A651223715E0050D13F /* Note.m in Sources */,
				2226F97C1223968E00670702 /* DJ.m in Sources */,
				22AD9E8A1277B28A00060BE3 /* Scorekeeper.m in Sources */,
				70177199129B2D3600D4EE5C /* CustomDiffTableViewController.m in Sources */,
				701771C8129B340100D4EE5C /* CustomDiffViewController.m in Sources */,
				70177467129DA13B00D4EE5C /* Settings.m in Sources */,
			);
			runOnlyForDeploymentPostprocessing = 0;
		};
/* End PBXSourcesBuildPhase section */

/* Begin XCBuildConfiguration section */
		1D6058940D05DD3E006BFB54 /* Debug */ = {
			isa = XCBuildConfiguration;
			buildSettings = {
				ALWAYS_SEARCH_USER_PATHS = NO;
				CODE_SIGN_ENTITLEMENTS = Entitlements.plist;
				"CODE_SIGN_IDENTITY[sdk=iphoneos*]" = "iPhone Developer: Logan Moseley (BW5L72G88N)";
				COPY_PHASE_STRIP = NO;
				GCC_DYNAMIC_NO_PIC = NO;
				GCC_OPTIMIZATION_LEVEL = 0;
				GCC_PRECOMPILE_PREFIX_HEADER = YES;
				GCC_PREFIX_HEADER = Interval_Training_Prefix.pch;
				INFOPLIST_FILE = "Interval_Training-Info.plist";
				PRODUCT_NAME = "Interval-Training";
				"PROVISIONING_PROFILE[sdk=iphoneos*]" = "002902C7-5996-4E85-8973-2F5899D4F991";
				VALIDATE_PRODUCT = NO;
			};
			name = Debug;
		};
		1D6058950D05DD3E006BFB54 /* Release */ = {
			isa = XCBuildConfiguration;
			buildSettings = {
				ALWAYS_SEARCH_USER_PATHS = NO;
				ARCHS = "$(ARCHS_STANDARD_32_BIT)";
				CODE_SIGN_ENTITLEMENTS = "~/Projects/Interval-Training/Entitlements.plist";
				"CODE_SIGN_IDENTITY[sdk=iphoneos*]" = "iPhone Developer: Logan Moseley (BW5L72G88N)";
				COPY_PHASE_STRIP = YES;
				GCC_PRECOMPILE_PREFIX_HEADER = YES;
				GCC_PREFIX_HEADER = Interval_Training_Prefix.pch;
				INFOPLIST_FILE = "Interval_Training-Info.plist";
				PRODUCT_NAME = "Interval-Training";
				"PROVISIONING_PROFILE[sdk=iphoneos*]" = "002902C7-5996-4E85-8973-2F5899D4F991";
				VALIDATE_PRODUCT = NO;
			};
			name = Release;
		};
		709ADD741288D93000AADA5A /* Ad Hoc Distribution */ = {
			isa = XCBuildConfiguration;
			buildSettings = {
				ARCHS = "$(ARCHS_STANDARD_32_BIT)";
				"CODE_SIGN_IDENTITY[sdk=iphoneos*]" = "Don't Code Sign";
				GCC_C_LANGUAGE_STANDARD = c99;
				GCC_WARN_ABOUT_RETURN_TYPE = YES;
				GCC_WARN_UNUSED_VARIABLE = YES;
				IPHONEOS_DEPLOYMENT_TARGET = 3.1.3;
				OTHER_CFLAGS = "-DNS_BLOCK_ASSERTIONS=1";
				PREBINDING = NO;
				"PROVISIONING_PROFILE[sdk=iphoneos*]" = "";
				SDKROOT = iphoneos4.1;
			};
			name = "Ad Hoc Distribution";
		};
		709ADD751288D93000AADA5A /* Ad Hoc Distribution */ = {
			isa = XCBuildConfiguration;
			buildSettings = {
				ALWAYS_SEARCH_USER_PATHS = NO;
				ARCHS = "$(ARCHS_STANDARD_32_BIT)";
				CODE_SIGN_ENTITLEMENTS = "~/Projects/Interval-Training/Entitlements.plist";
				"CODE_SIGN_IDENTITY[sdk=iphoneos*]" = "iPhone Distribution: CalamitySoft";
				COPY_PHASE_STRIP = YES;
				GCC_PRECOMPILE_PREFIX_HEADER = YES;
				GCC_PREFIX_HEADER = Interval_Training_Prefix.pch;
				INFOPLIST_FILE = "Interval_Training-Info.plist";
				PRODUCT_NAME = "Interval-Training";
				"PROVISIONING_PROFILE[sdk=iphoneos*]" = "DDA13417-981C-4ACB-BD4A-826D1B9D40BB";
				VALIDATE_PRODUCT = NO;
			};
			name = "Ad Hoc Distribution";
		};
		709ADD761288D93A00AADA5A /* App Store Distribution */ = {
			isa = XCBuildConfiguration;
			buildSettings = {
				ARCHS = "$(ARCHS_STANDARD_32_BIT)";
				CODE_SIGN_ENTITLEMENTS = Entitlements.plist;
				"CODE_SIGN_IDENTITY[sdk=iphoneos*]" = "iPhone Distribution: CalamitySoft";
				GCC_C_LANGUAGE_STANDARD = c99;
				GCC_WARN_ABOUT_RETURN_TYPE = YES;
				GCC_WARN_UNUSED_VARIABLE = YES;
				IPHONEOS_DEPLOYMENT_TARGET = 3.1.3;
				OTHER_CFLAGS = "-DNS_BLOCK_ASSERTIONS=1";
				PREBINDING = NO;
				"PROVISIONING_PROFILE[sdk=iphoneos*]" = "C91A3300-CF2B-42DA-BE5D-D5E2352E83BA";
				SDKROOT = iphoneos4.1;
			};
			name = "App Store Distribution";
		};
		709ADD771288D93A00AADA5A /* App Store Distribution */ = {
			isa = XCBuildConfiguration;
			buildSettings = {
				ALWAYS_SEARCH_USER_PATHS = NO;
				ARCHS = "$(ARCHS_STANDARD_32_BIT)";
				CODE_SIGN_ENTITLEMENTS = "~/Projects/Interval-Training/Entitlements.plist";
				"CODE_SIGN_IDENTITY[sdk=iphoneos*]" = "iPhone Distribution: CalamitySoft";
				COPY_PHASE_STRIP = YES;
				GCC_PRECOMPILE_PREFIX_HEADER = YES;
				GCC_PREFIX_HEADER = Interval_Training_Prefix.pch;
				INFOPLIST_FILE = "Interval_Training-Info.plist";
				PRODUCT_NAME = "Interval-Training";
				"PROVISIONING_PROFILE[sdk=iphoneos*]" = "DDA13417-981C-4ACB-BD4A-826D1B9D40BB";
				VALIDATE_PRODUCT = NO;
			};
			name = "App Store Distribution";
		};
		C01FCF4F08A954540054247B /* Debug */ = {
			isa = XCBuildConfiguration;
			buildSettings = {
				ARCHS = "$(ARCHS_STANDARD_32_BIT)";
				"CODE_SIGN_IDENTITY[sdk=iphoneos*]" = "Don't Code Sign";
				GCC_C_LANGUAGE_STANDARD = c99;
				GCC_PREPROCESSOR_DEFINITIONS = DEBUG;
				GCC_WARN_ABOUT_RETURN_TYPE = YES;
				GCC_WARN_UNUSED_VARIABLE = YES;
				IPHONEOS_DEPLOYMENT_TARGET = 3.1.3;
				PREBINDING = NO;
				"PROVISIONING_PROFILE[sdk=iphoneos*]" = "";
				SDKROOT = iphoneos4.1;
			};
			name = Debug;
		};
		C01FCF5008A954540054247B /* Release */ = {
			isa = XCBuildConfiguration;
			buildSettings = {
				ARCHS = "$(ARCHS_STANDARD_32_BIT)";
				"CODE_SIGN_IDENTITY[sdk=iphoneos*]" = "Don't Code Sign";
				GCC_C_LANGUAGE_STANDARD = c99;
				GCC_WARN_ABOUT_RETURN_TYPE = YES;
				GCC_WARN_UNUSED_VARIABLE = YES;
				IPHONEOS_DEPLOYMENT_TARGET = 3.1.2;
				OTHER_CFLAGS = "-DNS_BLOCK_ASSERTIONS=1";
				PREBINDING = NO;
				"PROVISIONING_PROFILE[sdk=iphoneos*]" = "";
				SDKROOT = iphoneos4.1;
			};
			name = Release;
		};
/* End XCBuildConfiguration section */

/* Begin XCConfigurationList section */
		1D6058960D05DD3E006BFB54 /* Build configuration list for PBXNativeTarget "Interval-Training" */ = {
			isa = XCConfigurationList;
			buildConfigurations = (
				1D6058940D05DD3E006BFB54 /* Debug */,
				1D6058950D05DD3E006BFB54 /* Release */,
				709ADD751288D93000AADA5A /* Ad Hoc Distribution */,
				709ADD771288D93A00AADA5A /* App Store Distribution */,
			);
			defaultConfigurationIsVisible = 0;
			defaultConfigurationName = Release;
		};
		C01FCF4E08A954540054247B /* Build configuration list for PBXProject "Interval-Training" */ = {
			isa = XCConfigurationList;
			buildConfigurations = (
				C01FCF4F08A954540054247B /* Debug */,
				C01FCF5008A954540054247B /* Release */,
				709ADD741288D93000AADA5A /* Ad Hoc Distribution */,
				709ADD761288D93A00AADA5A /* App Store Distribution */,
			);
			defaultConfigurationIsVisible = 0;
			defaultConfigurationName = Release;
		};
/* End XCConfigurationList section */
	};
	rootObject = 29B97313FDCFA39411CA2CEA /* Project object */;
}
